// !$*UTF8*$!
{
	archiveVersion = 1;
	classes = {
	};
	objectVersion = 50;
	objects = {

/* Begin PBXBuildFile section */
		305AF3392727D4B3005E91E4 /* AppDelegate.swift in Sources */ = {isa = PBXBuildFile; fileRef = 305AF3382727D4B3005E91E4 /* AppDelegate.swift */; };
		305AF33B2727D4B3005E91E4 /* SceneDelegate.swift in Sources */ = {isa = PBXBuildFile; fileRef = 305AF33A2727D4B3005E91E4 /* SceneDelegate.swift */; };
		305AF33D2727D4B3005E91E4 /* ViewController.swift in Sources */ = {isa = PBXBuildFile; fileRef = 305AF33C2727D4B3005E91E4 /* ViewController.swift */; };
		305AF3402727D4B3005E91E4 /* Main.storyboard in Resources */ = {isa = PBXBuildFile; fileRef = 305AF33E2727D4B3005E91E4 /* Main.storyboard */; };
		305AF3422727D4B4005E91E4 /* Assets.xcassets in Resources */ = {isa = PBXBuildFile; fileRef = 305AF3412727D4B4005E91E4 /* Assets.xcassets */; };
		305AF3452727D4B4005E91E4 /* LaunchScreen.storyboard in Resources */ = {isa = PBXBuildFile; fileRef = 305AF3432727D4B4005E91E4 /* LaunchScreen.storyboard */; };
/* End PBXBuildFile section */

/* Begin PBXFileReference section */
		305AF3352727D4B3005E91E4 /* Prototype_Navigation_TabBar_class_Atheer.app */ = {isa = PBXFileReference; explicitFileType = wrapper.application; includeInIndex = 0; path = Prototype_Navigation_TabBar_class_Atheer.app; sourceTree = BUILT_PRODUCTS_DIR; };
		305AF3382727D4B3005E91E4 /* AppDelegate.swift */ = {isa = PBXFileReference; lastKnownFileType = sourcecode.swift; path = AppDelegate.swift; sourceTree = "<group>"; };
		305AF33A2727D4B3005E91E4 /* SceneDelegate.swift */ = {isa = PBXFileReference; lastKnownFileType = sourcecode.swift; path = SceneDelegate.swift; sourceTree = "<group>"; };
		305AF33C2727D4B3005E91E4 /* ViewController.swift */ = {isa = PBXFileReference; lastKnownFileType = sourcecode.swift; path = ViewController.swift; sourceTree = "<group>"; };
		305AF33F2727D4B3005E91E4 /* Base */ = {isa = PBXFileReference; lastKnownFileType = file.storyboard; name = Base; path = Base.lproj/Main.storyboard; sourceTree = "<group>"; };
		305AF3412727D4B4005E91E4 /* Assets.xcassets */ = {isa = PBXFileReference; lastKnownFileType = folder.assetcatalog; path = Assets.xcassets; sourceTree = "<group>"; };
		305AF3442727D4B4005E91E4 /* Base */ = {isa = PBXFileReference; lastKnownFileType = file.storyboard; name = Base; path = Base.lproj/LaunchScreen.storyboard; sourceTree = "<group>"; };
		305AF3462727D4B4005E91E4 /* Info.plist */ = {isa = PBXFileReference; lastKnownFileType = text.plist.xml; path = Info.plist; sourceTree = "<group>"; };
/* End PBXFileReference section */

/* Begin PBXFrameworksBuildPhase section */
		305AF3322727D4B3005E91E4 /* Frameworks */ = {
			isa = PBXFrameworksBuildPhase;
			buildActionMask = 2147483647;
			files = (
			);
			runOnlyForDeploymentPostprocessing = 0;
		};
/* End PBXFrameworksBuildPhase section */

/* Begin PBXGroup section */
		305AF32C2727D4B3005E91E4 = {
			isa = PBXGroup;
			children = (
				305AF3372727D4B3005E91E4 /* Prototype_Navigation_TabBar_class_Atheer */,
				305AF3362727D4B3005E91E4 /* Products */,
			);
			sourceTree = "<group>";
		};
		305AF3362727D4B3005E91E4 /* Products */ = {
			isa = PBXGroup;
			children = (
				305AF3352727D4B3005E91E4 /* Prototype_Navigation_TabBar_class_Atheer.app */,
			);
			name = Products;
			sourceTree = "<group>";
		};
		305AF3372727D4B3005E91E4 /* Prototype_Navigation_TabBar_class_Atheer */ = {
			isa = PBXGroup;
			children = (
				305AF3382727D4B3005E91E4 /* AppDelegate.swift */,
				305AF33A2727D4B3005E91E4 /* SceneDelegate.swift */,
				305AF33C2727D4B3005E91E4 /* ViewController.swift */,
				305AF33E2727D4B3005E91E4 /* Main.storyboard */,
				305AF3412727D4B4005E91E4 /* Assets.xcassets */,
				305AF3432727D4B4005E91E4 /* LaunchScreen.storyboard */,
				305AF3462727D4B4005E91E4 /* Info.plist */,
			);
			path = Prototype_Navigation_TabBar_class_Atheer;
			sourceTree = "<group>";
		};
/* End PBXGroup section */

/* Begin PBXNativeTarget section */
		305AF3342727D4B3005E91E4 /* Prototype_Navigation_TabBar_class_Atheer */ = {
			isa = PBXNativeTarget;
			buildConfigurationList = 305AF3492727D4B4005E91E4 /* Build configuration list for PBXNativeTarget "Prototype_Navigation_TabBar_class_Atheer" */;
			buildPhases = (
				305AF3312727D4B3005E91E4 /* Sources */,
				305AF3322727D4B3005E91E4 /* Frameworks */,
				305AF3332727D4B3005E91E4 /* Resources */,
			);
			buildRules = (
			);
			dependencies = (
			);
			name = Prototype_Navigation_TabBar_class_Atheer;
			productName = Prototype_Navigation_TabBar_class_Atheer;
			productReference = 305AF3352727D4B3005E91E4 /* Prototype_Navigation_TabBar_class_Atheer.app */;
			productType = "com.apple.product-type.application";
		};
/* End PBXNativeTarget section */

/* Begin PBXProject section */
		305AF32D2727D4B3005E91E4 /* Project object */ = {
			isa = PBXProject;
			attributes = {
				LastSwiftUpdateCheck = 1250;
				LastUpgradeCheck = 1250;
				TargetAttributes = {
					305AF3342727D4B3005E91E4 = {
						CreatedOnToolsVersion = 12.5;
					};
				};
			};
			buildConfigurationList = 305AF3302727D4B3005E91E4 /* Build configuration list for PBXProject "Prototype_Navigation_TabBar_class_Atheer" */;
			compatibilityVersion = "Xcode 9.3";
			developmentRegion = en;
			hasScannedForEncodings = 0;
			knownRegions = (
				en,
				Base,
			);
			mainGroup = 305AF32C2727D4B3005E91E4;
			productRefGroup = 305AF3362727D4B3005E91E4 /* Products */;
			projectDirPath = "";
			projectRoot = "";
			targets = (
				305AF3342727D4B3005E91E4 /* Prototype_Navigation_TabBar_class_Atheer */,
			);
		};
/* End PBXProject section */

/* Begin PBXResourcesBuildPhase section */
		305AF3332727D4B3005E91E4 /* Resources */ = {
			isa = PBXResourcesBuildPhase;
			buildActionMask = 2147483647;
			files = (
				305AF3452727D4B4005E91E4 /* LaunchScreen.storyboard in Resources */,
				305AF3422727D4B4005E91E4 /* Assets.xcassets in Resources */,
				305AF3402727D4B3005E91E4 /* Main.storyboard in Resources */,
			);
			runOnlyForDeploymentPostprocessing = 0;
		};
/* End PBXResourcesBuildPhase section */

/* Begin PBXSourcesBuildPhase section */
		305AF3312727D4B3005E91E4 /* Sources */ = {
			isa = PBXSourcesBuildPhase;
			buildActionMask = 2147483647;
			files = (
				305AF33D2727D4B3005E91E4 /* ViewController.swift in Sources */,
				305AF3392727D4B3005E91E4 /* AppDelegate.swift in Sources */,
				305AF33B2727D4B3005E91E4 /* SceneDelegate.swift in Sources */,
			);
			runOnlyForDeploymentPostprocessing = 0;
		};
/* End PBXSourcesBuildPhase section */

/* Begin PBXVariantGroup section */
		305AF33E2727D4B3005E91E4 /* Main.storyboard */ = {
			isa = PBXVariantGroup;
			children = (
				305AF33F2727D4B3005E91E4 /* Base */,
			);
			name = Main.storyboard;
			sourceTree = "<group>";
		};
		305AF3432727D4B4005E91E4 /* LaunchScreen.storyboard */ = {
			isa = PBXVariantGroup;
			children = (
				305AF3442727D4B4005E91E4 /* Base */,
			);
			name = LaunchScreen.storyboard;
			sourceTree = "<group>";
		};
/* End PBXVariantGroup section */

/* Begin XCBuildConfiguration section */
		305AF3472727D4B4005E91E4 /* Debug */ = {
			isa = XCBuildConfiguration;
			buildSettings = {
				ALWAYS_SEARCH_USER_PATHS = NO;
				CLANG_ANALYZER_NONNULL = YES;
				CLANG_ANALYZER_NUMBER_OBJECT_CONVERSION = YES_AGGRESSIVE;
				CLANG_CXX_LANGUAGE_STANDARD = "gnu++14";
				CLANG_CXX_LIBRARY = "libc++";
				CLANG_ENABLE_MODULES = YES;
				CLANG_ENABLE_OBJC_ARC = YES;
				CLANG_ENABLE_OBJC_WEAK = YES;
				CLANG_WARN_BLOCK_CAPTURE_AUTORELEASING = YES;
				CLANG_WARN_BOOL_CONVERSION = YES;
				CLANG_WARN_COMMA = YES;
				CLANG_WARN_CONSTANT_CONVERSION = YES;
				CLANG_WARN_DEPRECATED_OBJC_IMPLEMENTATIONS = YES;
				CLANG_WARN_DIRECT_OBJC_ISA_USAGE = YES_ERROR;
				CLANG_WARN_DOCUMENTATION_COMMENTS = YES;
				CLANG_WARN_EMPTY_BODY = YES;
				CLANG_WARN_ENUM_CONVERSION = YES;
				CLANG_WARN_INFINITE_RECURSION = YES;
				CLANG_WARN_INT_CONVERSION = YES;
				CLANG_WARN_NON_LITERAL_NULL_CONVERSION = YES;
				CLANG_WARN_OBJC_IMPLICIT_RETAIN_SELF = YES;
				CLANG_WARN_OBJC_LITERAL_CONVERSION = YES;
				CLANG_WARN_OBJC_ROOT_CLASS = YES_ERROR;
				CLANG_WARN_QUOTED_INCLUDE_IN_FRAMEWORK_HEADER = YES;
				CLANG_WARN_RANGE_LOOP_ANALYSIS = YES;
				CLANG_WARN_STRICT_PROTOTYPES = YES;
				CLANG_WARN_SUSPICIOUS_MOVE = YES;
				CLANG_WARN_UNGUARDED_AVAILABILITY = YES_AGGRESSIVE;
				CLANG_WARN_UNREACHABLE_CODE = YES;
				CLANG_WARN__DUPLICATE_METHOD_MATCH = YES;
				COPY_PHASE_STRIP = NO;
				DEBUG_INFORMATION_FORMAT = dwarf;
				ENABLE_STRICT_OBJC_MSGSEND = YES;
				ENABLE_TESTABILITY = YES;
				GCC_C_LANGUAGE_STANDARD = gnu11;
				GCC_DYNAMIC_NO_PIC = NO;
				GCC_NO_COMMON_BLOCKS = YES;
				GCC_OPTIMIZATION_LEVEL = 0;
				GCC_PREPROCESSOR_DEFINITIONS = (
					"DEBUG=1",
					"$(inherited)",
				);
				GCC_WARN_64_TO_32_BIT_CONVERSION = YES;
				GCC_WARN_ABOUT_RETURN_TYPE = YES_ERROR;
				GCC_WARN_UNDECLARED_SELECTOR = YES;
				GCC_WARN_UNINITIALIZED_AUTOS = YES_AGGRESSIVE;
				GCC_WARN_UNUSED_FUNCTION = YES;
				GCC_WARN_UNUSED_VARIABLE = YES;
				IPHONEOS_DEPLOYMENT_TARGET = 14.5;
				MTL_ENABLE_DEBUG_INFO = INCLUDE_SOURCE;
				MTL_FAST_MATH = YES;
				ONLY_ACTIVE_ARCH = YES;
				SDKROOT = iphoneos;
				SWIFT_ACTIVE_COMPILATION_CONDITIONS = DEBUG;
				SWIFT_OPTIMIZATION_LEVEL = "-Onone";
			};
			name = Debug;
		};
		305AF3482727D4B4005E91E4 /* Release */ = {
			isa = XCBuildConfiguration;
			buildSettings = {
				ALWAYS_SEARCH_USER_PATHS = NO;
				CLANG_ANALYZER_NONNULL = YES;
				CLANG_ANALYZER_NUMBER_OBJECT_CONVERSION = YES_AGGRESSIVE;
				CLANG_CXX_LANGUAGE_STANDARD = "gnu++14";
				CLANG_CXX_LIBRARY = "libc++";
				CLANG_ENABLE_MODULES = YES;
				CLANG_ENABLE_OBJC_ARC = YES;
				CLANG_ENABLE_OBJC_WEAK = YES;
				CLANG_WARN_BLOCK_CAPTURE_AUTORELEASING = YES;
				CLANG_WARN_BOOL_CONVERSION = YES;
				CLANG_WARN_COMMA = YES;
				CLANG_WARN_CONSTANT_CONVERSION = YES;
				CLANG_WARN_DEPRECATED_OBJC_IMPLEMENTATIONS = YES;
				CLANG_WARN_DIRECT_OBJC_ISA_USAGE = YES_ERROR;
				CLANG_WARN_DOCUMENTATION_COMMENTS = YES;
				CLANG_WARN_EMPTY_BODY = YES;
				CLANG_WARN_ENUM_CONVERSION = YES;
				CLANG_WARN_INFINITE_RECURSION = YES;
				CLANG_WARN_INT_CONVERSION = YES;
				CLANG_WARN_NON_LITERAL_NULL_CONVERSION = YES;
				CLANG_WARN_OBJC_IMPLICIT_RETAIN_SELF = YES;
				CLANG_WARN_OBJC_LITERAL_CONVERSION = YES;
				CLANG_WARN_OBJC_ROOT_CLASS = YES_ERROR;
				CLANG_WARN_QUOTED_INCLUDE_IN_FRAMEWORK_HEADER = YES;
				CLANG_WARN_RANGE_LOOP_ANALYSIS = YES;
				CLANG_WARN_STRICT_PROTOTYPES = YES;
				CLANG_WARN_SUSPICIOUS_MOVE = YES;
				CLANG_WARN_UNGUARDED_AVAILABILITY = YES_AGGRESSIVE;
				CLANG_WARN_UNREACHABLE_CODE = YES;
				CLANG_WARN__DUPLICATE_METHOD_MATCH = YES;
				COPY_PHASE_STRIP = NO;
				DEBUG_INFORMATION_FORMAT = "dwarf-with-dsym";
				ENABLE_NS_ASSERTIONS = NO;
				ENABLE_STRICT_OBJC_MSGSEND = YES;
				GCC_C_LANGUAGE_STANDARD = gnu11;
				GCC_NO_COMMON_BLOCKS = YES;
				GCC_WARN_64_TO_32_BIT_CONVERSION = YES;
				GCC_WARN_ABOUT_RETURN_TYPE = YES_ERROR;
				GCC_WARN_UNDECLARED_SELECTOR = YES;
				GCC_WARN_UNINITIALIZED_AUTOS = YES_AGGRESSIVE;
				GCC_WARN_UNUSED_FUNCTION = YES;
				GCC_WARN_UNUSED_VARIABLE = YES;
				IPHONEOS_DEPLOYMENT_TARGET = 14.5;
				MTL_ENABLE_DEBUG_INFO = NO;
				MTL_FAST_MATH = YES;
				SDKROOT = iphoneos;
				SWIFT_COMPILATION_MODE = wholemodule;
				SWIFT_OPTIMIZATION_LEVEL = "-O";
				VALIDATE_PRODUCT = YES;
			};
			name = Release;
		};
		305AF34A2727D4B4005E91E4 /* Debug */ = {
			isa = XCBuildConfiguration;
			buildSettings = {
				ASSETCATALOG_COMPILER_APPICON_NAME = AppIcon;
				ASSETCATALOG_COMPILER_GLOBAL_ACCENT_COLOR_NAME = AccentColor;
				CODE_SIGN_STYLE = Automatic;
				DEVELOPMENT_TEAM = 5QRT7ZW25M;
				INFOPLIST_FILE = Prototype_Navigation_TabBar_class_Atheer/Info.plist;
				LD_RUNPATH_SEARCH_PATHS = (
					"$(inherited)",
					"@executable_path/Frameworks",
				);
				PRODUCT_BUNDLE_IDENTIFIER = "com.Atheer.Prototype-Navigation-TabBar-class-Atheer";
				PRODUCT_NAME = "$(TARGET_NAME)";
				SWIFT_VERSION = 5.0;
				TARGETED_DEVICE_FAMILY = "1,2";
			};
			name = Debug;
		};
		305AF34B2727D4B4005E91E4 /* Release */ = {
			isa = XCBuildConfiguration;
			buildSettings = {
				ASSETCATALOG_COMPILER_APPICON_NAME = AppIcon;
				ASSETCATALOG_COMPILER_GLOBAL_ACCENT_COLOR_NAME = AccentColor;
				CODE_SIGN_STYLE = Automatic;
				DEVELOPMENT_TEAM = 5QRT7ZW25M;
				INFOPLIST_FILE = Prototype_Navigation_TabBar_class_Atheer/Info.plist;
				LD_RUNPATH_SEARCH_PATHS = (
					"$(inherited)",
					"@executable_path/Frameworks",
				);
				PRODUCT_BUNDLE_IDENTIFIER = "com.Atheer.Prototype-Navigation-TabBar-class-Atheer";
				PRODUCT_NAME = "$(TARGET_NAME)";
				SWIFT_VERSION = 5.0;
				TARGETED_DEVICE_FAMILY = "1,2";
			};
			name = Release;
		};
/* End XCBuildConfiguration section */

/* Begin XCConfigurationList section */
		305AF3302727D4B3005E91E4 /* Build configuration list for PBXProject "Prototype_Navigation_TabBar_class_Atheer" */ = {
			isa = XCConfigurationList;
			buildConfigurations = (
				305AF3472727D4B4005E91E4 /* Debug */,
				305AF3482727D4B4005E91E4 /* Release */,
			);
			defaultConfigurationIsVisible = 0;
			defaultConfigurationName = Release;
		};
		305AF3492727D4B4005E91E4 /* Build configuration list for PBXNativeTarget "Prototype_Navigation_TabBar_class_Atheer" */ = {
			isa = XCConfigurationList;
			buildConfigurations = (
				305AF34A2727D4B4005E91E4 /* Debug */,
				305AF34B2727D4B4005E91E4 /* Release */,
			);
			defaultConfigurationIsVisible = 0;
			defaultConfigurationName = Release;
		};
/* End XCConfigurationList section */
	};
	rootObject = 305AF32D2727D4B3005E91E4 /* Project object */;
}
