// !$*UTF8*$!
{
	archiveVersion = 1;
	classes = {
	};
	objectVersion = 50;
	objects = {

/* Begin PBXBuildFile section */
		DAF933532727D43E00EA12CB /* AppDelegate.swift in Sources */ = {isa = PBXBuildFile; fileRef = DAF933522727D43E00EA12CB /* AppDelegate.swift */; };
		DAF933552727D43E00EA12CB /* SceneDelegate.swift in Sources */ = {isa = PBXBuildFile; fileRef = DAF933542727D43E00EA12CB /* SceneDelegate.swift */; };
		DAF933572727D43E00EA12CB /* ViewController.swift in Sources */ = {isa = PBXBuildFile; fileRef = DAF933562727D43E00EA12CB /* ViewController.swift */; };
		DAF9335A2727D43E00EA12CB /* Main.storyboard in Resources */ = {isa = PBXBuildFile; fileRef = DAF933582727D43E00EA12CB /* Main.storyboard */; };
		DAF9335C2727D43F00EA12CB /* Assets.xcassets in Resources */ = {isa = PBXBuildFile; fileRef = DAF9335B2727D43F00EA12CB /* Assets.xcassets */; };
		DAF9335F2727D43F00EA12CB /* LaunchScreen.storyboard in Resources */ = {isa = PBXBuildFile; fileRef = DAF9335D2727D43F00EA12CB /* LaunchScreen.storyboard */; };
/* End PBXBuildFile section */

/* Begin PBXFileReference section */
		DAF9334F2727D43E00EA12CB /* prototype-Navigatlon-TabBar-clas.app */ = {isa = PBXFileReference; explicitFileType = wrapper.application; includeInIndex = 0; path = "prototype-Navigatlon-TabBar-clas.app"; sourceTree = BUILT_PRODUCTS_DIR; };
		DAF933522727D43E00EA12CB /* AppDelegate.swift */ = {isa = PBXFileReference; lastKnownFileType = sourcecode.swift; path = AppDelegate.swift; sourceTree = "<group>"; };
		DAF933542727D43E00EA12CB /* SceneDelegate.swift */ = {isa = PBXFileReference; lastKnownFileType = sourcecode.swift; path = SceneDelegate.swift; sourceTree = "<group>"; };
		DAF933562727D43E00EA12CB /* ViewController.swift */ = {isa = PBXFileReference; lastKnownFileType = sourcecode.swift; path = ViewController.swift; sourceTree = "<group>"; };
		DAF933592727D43E00EA12CB /* Base */ = {isa = PBXFileReference; lastKnownFileType = file.storyboard; name = Base; path = Base.lproj/Main.storyboard; sourceTree = "<group>"; };
		DAF9335B2727D43F00EA12CB /* Assets.xcassets */ = {isa = PBXFileReference; lastKnownFileType = folder.assetcatalog; path = Assets.xcassets; sourceTree = "<group>"; };
		DAF9335E2727D43F00EA12CB /* Base */ = {isa = PBXFileReference; lastKnownFileType = file.storyboard; name = Base; path = Base.lproj/LaunchScreen.storyboard; sourceTree = "<group>"; };
		DAF933602727D43F00EA12CB /* Info.plist */ = {isa = PBXFileReference; lastKnownFileType = text.plist.xml; path = Info.plist; sourceTree = "<group>"; };
/* End PBXFileReference section */

/* Begin PBXFrameworksBuildPhase section */
		DAF9334C2727D43E00EA12CB /* Frameworks */ = {
			isa = PBXFrameworksBuildPhase;
			buildActionMask = 2147483647;
			files = (
			);
			runOnlyForDeploymentPostprocessing = 0;
		};
/* End PBXFrameworksBuildPhase section */

/* Begin PBXGroup section */
		DAF933462727D43E00EA12CB = {
			isa = PBXGroup;
			children = (
				DAF933512727D43E00EA12CB /* prototype-Navigatlon-TabBar-clas */,
				DAF933502727D43E00EA12CB /* Products */,
			);
			sourceTree = "<group>";
		};
		DAF933502727D43E00EA12CB /* Products */ = {
			isa = PBXGroup;
			children = (
				DAF9334F2727D43E00EA12CB /* prototype-Navigatlon-TabBar-clas.app */,
			);
			name = Products;
			sourceTree = "<group>";
		};
		DAF933512727D43E00EA12CB /* prototype-Navigatlon-TabBar-clas */ = {
			isa = PBXGroup;
			children = (
				DAF933522727D43E00EA12CB /* AppDelegate.swift */,
				DAF933542727D43E00EA12CB /* SceneDelegate.swift */,
				DAF933562727D43E00EA12CB /* ViewController.swift */,
				DAF933582727D43E00EA12CB /* Main.storyboard */,
				DAF9335B2727D43F00EA12CB /* Assets.xcassets */,
				DAF9335D2727D43F00EA12CB /* LaunchScreen.storyboard */,
				DAF933602727D43F00EA12CB /* Info.plist */,
			);
			path = "prototype-Navigatlon-TabBar-clas";
			sourceTree = "<group>";
		};
/* End PBXGroup section */

/* Begin PBXNativeTarget section */
		DAF9334E2727D43E00EA12CB /* prototype-Navigatlon-TabBar-clas */ = {
			isa = PBXNativeTarget;
			buildConfigurationList = DAF933632727D43F00EA12CB /* Build configuration list for PBXNativeTarget "prototype-Navigatlon-TabBar-clas" */;
			buildPhases = (
				DAF9334B2727D43E00EA12CB /* Sources */,
				DAF9334C2727D43E00EA12CB /* Frameworks */,
				DAF9334D2727D43E00EA12CB /* Resources */,
			);
			buildRules = (
			);
			dependencies = (
			);
			name = "prototype-Navigatlon-TabBar-clas";
			productName = "prototype-Navigatlon-TabBar-clas";
			productReference = DAF9334F2727D43E00EA12CB /* prototype-Navigatlon-TabBar-clas.app */;
			productType = "com.apple.product-type.application";
		};
/* End PBXNativeTarget section */

/* Begin PBXProject section */
		DAF933472727D43E00EA12CB /* Project object */ = {
			isa = PBXProject;
			attributes = {
				LastSwiftUpdateCheck = 1250;
				LastUpgradeCheck = 1250;
				TargetAttributes = {
					DAF9334E2727D43E00EA12CB = {
						CreatedOnToolsVersion = 12.5;
					};
				};
			};
			buildConfigurationList = DAF9334A2727D43E00EA12CB /* Build configuration list for PBXProject "prototype-Navigatlon-TabBar-clas" */;
			compatibilityVersion = "Xcode 9.3";
			developmentRegion = en;
			hasScannedForEncodings = 0;
			knownRegions = (
				en,
				Base,
			);
			mainGroup = DAF933462727D43E00EA12CB;
			productRefGroup = DAF933502727D43E00EA12CB /* Products */;
			projectDirPath = "";
			projectRoot = "";
			targets = (
				DAF9334E2727D43E00EA12CB /* prototype-Navigatlon-TabBar-clas */,
			);
		};
/* End PBXProject section */

/* Begin PBXResourcesBuildPhase section */
		DAF9334D2727D43E00EA12CB /* Resources */ = {
			isa = PBXResourcesBuildPhase;
			buildActionMask = 2147483647;
			files = (
				DAF9335F2727D43F00EA12CB /* LaunchScreen.storyboard in Resources */,
				DAF9335C2727D43F00EA12CB /* Assets.xcassets in Resources */,
				DAF9335A2727D43E00EA12CB /* Main.storyboard in Resources */,
			);
			runOnlyForDeploymentPostprocessing = 0;
		};
/* End PBXResourcesBuildPhase section */

/* Begin PBXSourcesBuildPhase section */
		DAF9334B2727D43E00EA12CB /* Sources */ = {
			isa = PBXSourcesBuildPhase;
			buildActionMask = 2147483647;
			files = (
				DAF933572727D43E00EA12CB /* ViewController.swift in Sources */,
				DAF933532727D43E00EA12CB /* AppDelegate.swift in Sources */,
				DAF933552727D43E00EA12CB /* SceneDelegate.swift in Sources */,
			);
			runOnlyForDeploymentPostprocessing = 0;
		};
/* End PBXSourcesBuildPhase section */

/* Begin PBXVariantGroup section */
		DAF933582727D43E00EA12CB /* Main.storyboard */ = {
			isa = PBXVariantGroup;
			children = (
				DAF933592727D43E00EA12CB /* Base */,
			);
			name = Main.storyboard;
			sourceTree = "<group>";
		};
		DAF9335D2727D43F00EA12CB /* LaunchScreen.storyboard */ = {
			isa = PBXVariantGroup;
			children = (
				DAF9335E2727D43F00EA12CB /* Base */,
			);
			name = LaunchScreen.storyboard;
			sourceTree = "<group>";
		};
/* End PBXVariantGroup section */

/* Begin XCBuildConfiguration section */
		DAF933612727D43F00EA12CB /* Debug */ = {
			isa = XCBuildConfiguration;
			buildSettings = {
				ALWAYS_SEARCH_USER_PATHS = NO;
				CLANG_ANALYZER_NONNULL = YES;
				CLANG_ANALYZER_NUMBER_OBJECT_CONVERSION = YES_AGGRESSIVE;
				CLANG_CXX_LANGUAGE_STANDARD = "gnu++14";
				CLANG_CXX_LIBRARY = "libc++";
				CLANG_ENABLE_MODULES = YES;
				CLANG_ENABLE_OBJC_ARC = YES;
				CLANG_ENABLE_OBJC_WEAK = YES;
				CLANG_WARN_BLOCK_CAPTURE_AUTORELEASING = YES;
				CLANG_WARN_BOOL_CONVERSION = YES;
				CLANG_WARN_COMMA = YES;
				CLANG_WARN_CONSTANT_CONVERSION = YES;
				CLANG_WARN_DEPRECATED_OBJC_IMPLEMENTATIONS = YES;
				CLANG_WARN_DIRECT_OBJC_ISA_USAGE = YES_ERROR;
				CLANG_WARN_DOCUMENTATION_COMMENTS = YES;
				CLANG_WARN_EMPTY_BODY = YES;
				CLANG_WARN_ENUM_CONVERSION = YES;
				CLANG_WARN_INFINITE_RECURSION = YES;
				CLANG_WARN_INT_CONVERSION = YES;
				CLANG_WARN_NON_LITERAL_NULL_CONVERSION = YES;
				CLANG_WARN_OBJC_IMPLICIT_RETAIN_SELF = YES;
				CLANG_WARN_OBJC_LITERAL_CONVERSION = YES;
				CLANG_WARN_OBJC_ROOT_CLASS = YES_ERROR;
				CLANG_WARN_QUOTED_INCLUDE_IN_FRAMEWORK_HEADER = YES;
				CLANG_WARN_RANGE_LOOP_ANALYSIS = YES;
				CLANG_WARN_STRICT_PROTOTYPES = YES;
				CLANG_WARN_SUSPICIOUS_MOVE = YES;
				CLANG_WARN_UNGUARDED_AVAILABILITY = YES_AGGRESSIVE;
				CLANG_WARN_UNREACHABLE_CODE = YES;
				CLANG_WARN__DUPLICATE_METHOD_MATCH = YES;
				COPY_PHASE_STRIP = NO;
				DEBUG_INFORMATION_FORMAT = dwarf;
				ENABLE_STRICT_OBJC_MSGSEND = YES;
				ENABLE_TESTABILITY = YES;
				GCC_C_LANGUAGE_STANDARD = gnu11;
				GCC_DYNAMIC_NO_PIC = NO;
				GCC_NO_COMMON_BLOCKS = YES;
				GCC_OPTIMIZATION_LEVEL = 0;
				GCC_PREPROCESSOR_DEFINITIONS = (
					"DEBUG=1",
					"$(inherited)",
				);
				GCC_WARN_64_TO_32_BIT_CONVERSION = YES;
				GCC_WARN_ABOUT_RETURN_TYPE = YES_ERROR;
				GCC_WARN_UNDECLARED_SELECTOR = YES;
				GCC_WARN_UNINITIALIZED_AUTOS = YES_AGGRESSIVE;
				GCC_WARN_UNUSED_FUNCTION = YES;
				GCC_WARN_UNUSED_VARIABLE = YES;
				IPHONEOS_DEPLOYMENT_TARGET = 14.5;
				MTL_ENABLE_DEBUG_INFO = INCLUDE_SOURCE;
				MTL_FAST_MATH = YES;
				ONLY_ACTIVE_ARCH = YES;
				SDKROOT = iphoneos;
				SWIFT_ACTIVE_COMPILATION_CONDITIONS = DEBUG;
				SWIFT_OPTIMIZATION_LEVEL = "-Onone";
			};
			name = Debug;
		};
		DAF933622727D43F00EA12CB /* Release */ = {
			isa = XCBuildConfiguration;
			buildSettings = {
				ALWAYS_SEARCH_USER_PATHS = NO;
				CLANG_ANALYZER_NONNULL = YES;
				CLANG_ANALYZER_NUMBER_OBJECT_CONVERSION = YES_AGGRESSIVE;
				CLANG_CXX_LANGUAGE_STANDARD = "gnu++14";
				CLANG_CXX_LIBRARY = "libc++";
				CLANG_ENABLE_MODULES = YES;
				CLANG_ENABLE_OBJC_ARC = YES;
				CLANG_ENABLE_OBJC_WEAK = YES;
				CLANG_WARN_BLOCK_CAPTURE_AUTORELEASING = YES;
				CLANG_WARN_BOOL_CONVERSION = YES;
				CLANG_WARN_COMMA = YES;
				CLANG_WARN_CONSTANT_CONVERSION = YES;
				CLANG_WARN_DEPRECATED_OBJC_IMPLEMENTATIONS = YES;
				CLANG_WARN_DIRECT_OBJC_ISA_USAGE = YES_ERROR;
				CLANG_WARN_DOCUMENTATION_COMMENTS = YES;
				CLANG_WARN_EMPTY_BODY = YES;
				CLANG_WARN_ENUM_CONVERSION = YES;
				CLANG_WARN_INFINITE_RECURSION = YES;
				CLANG_WARN_INT_CONVERSION = YES;
				CLANG_WARN_NON_LITERAL_NULL_CONVERSION = YES;
				CLANG_WARN_OBJC_IMPLICIT_RETAIN_SELF = YES;
				CLANG_WARN_OBJC_LITERAL_CONVERSION = YES;
				CLANG_WARN_OBJC_ROOT_CLASS = YES_ERROR;
				CLANG_WARN_QUOTED_INCLUDE_IN_FRAMEWORK_HEADER = YES;
				CLANG_WARN_RANGE_LOOP_ANALYSIS = YES;
				CLANG_WARN_STRICT_PROTOTYPES = YES;
				CLANG_WARN_SUSPICIOUS_MOVE = YES;
				CLANG_WARN_UNGUARDED_AVAILABILITY = YES_AGGRESSIVE;
				CLANG_WARN_UNREACHABLE_CODE = YES;
				CLANG_WARN__DUPLICATE_METHOD_MATCH = YES;
				COPY_PHASE_STRIP = NO;
				DEBUG_INFORMATION_FORMAT = "dwarf-with-dsym";
				ENABLE_NS_ASSERTIONS = NO;
				ENABLE_STRICT_OBJC_MSGSEND = YES;
				GCC_C_LANGUAGE_STANDARD = gnu11;
				GCC_NO_COMMON_BLOCKS = YES;
				GCC_WARN_64_TO_32_BIT_CONVERSION = YES;
				GCC_WARN_ABOUT_RETURN_TYPE = YES_ERROR;
				GCC_WARN_UNDECLARED_SELECTOR = YES;
				GCC_WARN_UNINITIALIZED_AUTOS = YES_AGGRESSIVE;
				GCC_WARN_UNUSED_FUNCTION = YES;
				GCC_WARN_UNUSED_VARIABLE = YES;
				IPHONEOS_DEPLOYMENT_TARGET = 14.5;
				MTL_ENABLE_DEBUG_INFO = NO;
				MTL_FAST_MATH = YES;
				SDKROOT = iphoneos;
				SWIFT_COMPILATION_MODE = wholemodule;
				SWIFT_OPTIMIZATION_LEVEL = "-O";
				VALIDATE_PRODUCT = YES;
			};
			name = Release;
		};
		DAF933642727D43F00EA12CB /* Debug */ = {
			isa = XCBuildConfiguration;
			buildSettings = {
				ASSETCATALOG_COMPILER_APPICON_NAME = AppIcon;
				ASSETCATALOG_COMPILER_GLOBAL_ACCENT_COLOR_NAME = AccentColor;
				CODE_SIGN_STYLE = Automatic;
				DEVELOPMENT_TEAM = A9F2D7U526;
				INFOPLIST_FILE = "prototype-Navigatlon-TabBar-clas/Info.plist";
				LD_RUNPATH_SEARCH_PATHS = (
					"$(inherited)",
					"@executable_path/Frameworks",
				);
				PRODUCT_BUNDLE_IDENTIFIER = "s.prototype-Navigatlon-TabBar-clas";
				PRODUCT_NAME = "$(TARGET_NAME)";
				SWIFT_VERSION = 5.0;
				TARGETED_DEVICE_FAMILY = 1;
			};
			name = Debug;
		};
		DAF933652727D43F00EA12CB /* Release */ = {
			isa = XCBuildConfiguration;
			buildSettings = {
				ASSETCATALOG_COMPILER_APPICON_NAME = AppIcon;
				ASSETCATALOG_COMPILER_GLOBAL_ACCENT_COLOR_NAME = AccentColor;
				CODE_SIGN_STYLE = Automatic;
				DEVELOPMENT_TEAM = A9F2D7U526;
				INFOPLIST_FILE = "prototype-Navigatlon-TabBar-clas/Info.plist";
				LD_RUNPATH_SEARCH_PATHS = (
					"$(inherited)",
					"@executable_path/Frameworks",
				);
				PRODUCT_BUNDLE_IDENTIFIER = "s.prototype-Navigatlon-TabBar-clas";
				PRODUCT_NAME = "$(TARGET_NAME)";
				SWIFT_VERSION = 5.0;
				TARGETED_DEVICE_FAMILY = 1;
			};
			name = Release;
		};
/* End XCBuildConfiguration section */

/* Begin XCConfigurationList section */
		DAF9334A2727D43E00EA12CB /* Build configuration list for PBXProject "prototype-Navigatlon-TabBar-clas" */ = {
			isa = XCConfigurationList;
			buildConfigurations = (
				DAF933612727D43F00EA12CB /* Debug */,
				DAF933622727D43F00EA12CB /* Release */,
			);
			defaultConfigurationIsVisible = 0;
			defaultConfigurationName = Release;
		};
		DAF933632727D43F00EA12CB /* Build configuration list for PBXNativeTarget "prototype-Navigatlon-TabBar-clas" */ = {
			isa = XCConfigurationList;
			buildConfigurations = (
				DAF933642727D43F00EA12CB /* Debug */,
				DAF933652727D43F00EA12CB /* Release */,
			);
			defaultConfigurationIsVisible = 0;
			defaultConfigurationName = Release;
		};
/* End XCConfigurationList section */
	};
	rootObject = DAF933472727D43E00EA12CB /* Project object */;
}
