// !$*UTF8*$!
{
	archiveVersion = 1;
	classes = {
	};
	objectVersion = 50;
	objects = {

/* Begin PBXBuildFile section */
		316770362727D1F7000E8184 /* AppDelegate.swift in Sources */ = {isa = PBXBuildFile; fileRef = 316770352727D1F7000E8184 /* AppDelegate.swift */; };
		316770382727D1F7000E8184 /* SceneDelegate.swift in Sources */ = {isa = PBXBuildFile; fileRef = 316770372727D1F7000E8184 /* SceneDelegate.swift */; };
		3167703A2727D1F7000E8184 /* ViewController.swift in Sources */ = {isa = PBXBuildFile; fileRef = 316770392727D1F7000E8184 /* ViewController.swift */; };
		3167703D2727D1F7000E8184 /* Main.storyboard in Resources */ = {isa = PBXBuildFile; fileRef = 3167703B2727D1F7000E8184 /* Main.storyboard */; };
		3167703F2727D1F7000E8184 /* Assets.xcassets in Resources */ = {isa = PBXBuildFile; fileRef = 3167703E2727D1F7000E8184 /* Assets.xcassets */; };
		316770422727D1F7000E8184 /* LaunchScreen.storyboard in Resources */ = {isa = PBXBuildFile; fileRef = 316770402727D1F7000E8184 /* LaunchScreen.storyboard */; };
/* End PBXBuildFile section */

/* Begin PBXFileReference section */
		316770322727D1F7000E8184 /* Prototyoe-Navigation-Tab_Bar-MahaNasser.app */ = {isa = PBXFileReference; explicitFileType = wrapper.application; includeInIndex = 0; path = "Prototyoe-Navigation-Tab_Bar-MahaNasser.app"; sourceTree = BUILT_PRODUCTS_DIR; };
		316770352727D1F7000E8184 /* AppDelegate.swift */ = {isa = PBXFileReference; lastKnownFileType = sourcecode.swift; path = AppDelegate.swift; sourceTree = "<group>"; };
		316770372727D1F7000E8184 /* SceneDelegate.swift */ = {isa = PBXFileReference; lastKnownFileType = sourcecode.swift; path = SceneDelegate.swift; sourceTree = "<group>"; };
		316770392727D1F7000E8184 /* ViewController.swift */ = {isa = PBXFileReference; lastKnownFileType = sourcecode.swift; path = ViewController.swift; sourceTree = "<group>"; };
		3167703C2727D1F7000E8184 /* Base */ = {isa = PBXFileReference; lastKnownFileType = file.storyboard; name = Base; path = Base.lproj/Main.storyboard; sourceTree = "<group>"; };
		3167703E2727D1F7000E8184 /* Assets.xcassets */ = {isa = PBXFileReference; lastKnownFileType = folder.assetcatalog; path = Assets.xcassets; sourceTree = "<group>"; };
		316770412727D1F7000E8184 /* Base */ = {isa = PBXFileReference; lastKnownFileType = file.storyboard; name = Base; path = Base.lproj/LaunchScreen.storyboard; sourceTree = "<group>"; };
		316770432727D1F7000E8184 /* Info.plist */ = {isa = PBXFileReference; lastKnownFileType = text.plist.xml; path = Info.plist; sourceTree = "<group>"; };
/* End PBXFileReference section */

/* Begin PBXFrameworksBuildPhase section */
		3167702F2727D1F6000E8184 /* Frameworks */ = {
			isa = PBXFrameworksBuildPhase;
			buildActionMask = 2147483647;
			files = (
			);
			runOnlyForDeploymentPostprocessing = 0;
		};
/* End PBXFrameworksBuildPhase section */

/* Begin PBXGroup section */
		316770292727D1F6000E8184 = {
			isa = PBXGroup;
			children = (
				316770342727D1F7000E8184 /* Prototyoe-Navigation-Tab_Bar-MahaNasser */,
				316770332727D1F7000E8184 /* Products */,
			);
			sourceTree = "<group>";
		};
		316770332727D1F7000E8184 /* Products */ = {
			isa = PBXGroup;
			children = (
				316770322727D1F7000E8184 /* Prototyoe-Navigation-Tab_Bar-MahaNasser.app */,
			);
			name = Products;
			sourceTree = "<group>";
		};
		316770342727D1F7000E8184 /* Prototyoe-Navigation-Tab_Bar-MahaNasser */ = {
			isa = PBXGroup;
			children = (
				316770352727D1F7000E8184 /* AppDelegate.swift */,
				316770372727D1F7000E8184 /* SceneDelegate.swift */,
				316770392727D1F7000E8184 /* ViewController.swift */,
				3167703B2727D1F7000E8184 /* Main.storyboard */,
				3167703E2727D1F7000E8184 /* Assets.xcassets */,
				316770402727D1F7000E8184 /* LaunchScreen.storyboard */,
				316770432727D1F7000E8184 /* Info.plist */,
			);
			path = "Prototyoe-Navigation-Tab_Bar-MahaNasser";
			sourceTree = "<group>";
		};
/* End PBXGroup section */

/* Begin PBXNativeTarget section */
		316770312727D1F6000E8184 /* Prototyoe-Navigation-Tab_Bar-MahaNasser */ = {
			isa = PBXNativeTarget;
			buildConfigurationList = 316770462727D1F7000E8184 /* Build configuration list for PBXNativeTarget "Prototyoe-Navigation-Tab_Bar-MahaNasser" */;
			buildPhases = (
				3167702E2727D1F6000E8184 /* Sources */,
				3167702F2727D1F6000E8184 /* Frameworks */,
				316770302727D1F6000E8184 /* Resources */,
			);
			buildRules = (
			);
			dependencies = (
			);
			name = "Prototyoe-Navigation-Tab_Bar-MahaNasser";
			productName = "Prototyoe-Navigation-Tab_Bar-MahaNasser";
			productReference = 316770322727D1F7000E8184 /* Prototyoe-Navigation-Tab_Bar-MahaNasser.app */;
			productType = "com.apple.product-type.application";
		};
/* End PBXNativeTarget section */

/* Begin PBXProject section */
		3167702A2727D1F6000E8184 /* Project object */ = {
			isa = PBXProject;
			attributes = {
				LastSwiftUpdateCheck = 1250;
				LastUpgradeCheck = 1250;
				TargetAttributes = {
					316770312727D1F6000E8184 = {
						CreatedOnToolsVersion = 12.5;
					};
				};
			};
			buildConfigurationList = 3167702D2727D1F6000E8184 /* Build configuration list for PBXProject "Prototyoe-Navigation-Tab_Bar-MahaNasser" */;
			compatibilityVersion = "Xcode 9.3";
			developmentRegion = en;
			hasScannedForEncodings = 0;
			knownRegions = (
				en,
				Base,
			);
			mainGroup = 316770292727D1F6000E8184;
			productRefGroup = 316770332727D1F7000E8184 /* Products */;
			projectDirPath = "";
			projectRoot = "";
			targets = (
				316770312727D1F6000E8184 /* Prototyoe-Navigation-Tab_Bar-MahaNasser */,
			);
		};
/* End PBXProject section */

/* Begin PBXResourcesBuildPhase section */
		316770302727D1F6000E8184 /* Resources */ = {
			isa = PBXResourcesBuildPhase;
			buildActionMask = 2147483647;
			files = (
				316770422727D1F7000E8184 /* LaunchScreen.storyboard in Resources */,
				3167703F2727D1F7000E8184 /* Assets.xcassets in Resources */,
				3167703D2727D1F7000E8184 /* Main.storyboard in Resources */,
			);
			runOnlyForDeploymentPostprocessing = 0;
		};
/* End PBXResourcesBuildPhase section */

/* Begin PBXSourcesBuildPhase section */
		3167702E2727D1F6000E8184 /* Sources */ = {
			isa = PBXSourcesBuildPhase;
			buildActionMask = 2147483647;
			files = (
				3167703A2727D1F7000E8184 /* ViewController.swift in Sources */,
				316770362727D1F7000E8184 /* AppDelegate.swift in Sources */,
				316770382727D1F7000E8184 /* SceneDelegate.swift in Sources */,
			);
			runOnlyForDeploymentPostprocessing = 0;
		};
/* End PBXSourcesBuildPhase section */

/* Begin PBXVariantGroup section */
		3167703B2727D1F7000E8184 /* Main.storyboard */ = {
			isa = PBXVariantGroup;
			children = (
				3167703C2727D1F7000E8184 /* Base */,
			);
			name = Main.storyboard;
			sourceTree = "<group>";
		};
		316770402727D1F7000E8184 /* LaunchScreen.storyboard */ = {
			isa = PBXVariantGroup;
			children = (
				316770412727D1F7000E8184 /* Base */,
			);
			name = LaunchScreen.storyboard;
			sourceTree = "<group>";
		};
/* End PBXVariantGroup section */

/* Begin XCBuildConfiguration section */
		316770442727D1F7000E8184 /* Debug */ = {
			isa = XCBuildConfiguration;
			buildSettings = {
				ALWAYS_SEARCH_USER_PATHS = NO;
				CLANG_ANALYZER_NONNULL = YES;
				CLANG_ANALYZER_NUMBER_OBJECT_CONVERSION = YES_AGGRESSIVE;
				CLANG_CXX_LANGUAGE_STANDARD = "gnu++14";
				CLANG_CXX_LIBRARY = "libc++";
				CLANG_ENABLE_MODULES = YES;
				CLANG_ENABLE_OBJC_ARC = YES;
				CLANG_ENABLE_OBJC_WEAK = YES;
				CLANG_WARN_BLOCK_CAPTURE_AUTORELEASING = YES;
				CLANG_WARN_BOOL_CONVERSION = YES;
				CLANG_WARN_COMMA = YES;
				CLANG_WARN_CONSTANT_CONVERSION = YES;
				CLANG_WARN_DEPRECATED_OBJC_IMPLEMENTATIONS = YES;
				CLANG_WARN_DIRECT_OBJC_ISA_USAGE = YES_ERROR;
				CLANG_WARN_DOCUMENTATION_COMMENTS = YES;
				CLANG_WARN_EMPTY_BODY = YES;
				CLANG_WARN_ENUM_CONVERSION = YES;
				CLANG_WARN_INFINITE_RECURSION = YES;
				CLANG_WARN_INT_CONVERSION = YES;
				CLANG_WARN_NON_LITERAL_NULL_CONVERSION = YES;
				CLANG_WARN_OBJC_IMPLICIT_RETAIN_SELF = YES;
				CLANG_WARN_OBJC_LITERAL_CONVERSION = YES;
				CLANG_WARN_OBJC_ROOT_CLASS = YES_ERROR;
				CLANG_WARN_QUOTED_INCLUDE_IN_FRAMEWORK_HEADER = YES;
				CLANG_WARN_RANGE_LOOP_ANALYSIS = YES;
				CLANG_WARN_STRICT_PROTOTYPES = YES;
				CLANG_WARN_SUSPICIOUS_MOVE = YES;
				CLANG_WARN_UNGUARDED_AVAILABILITY = YES_AGGRESSIVE;
				CLANG_WARN_UNREACHABLE_CODE = YES;
				CLANG_WARN__DUPLICATE_METHOD_MATCH = YES;
				COPY_PHASE_STRIP = NO;
				DEBUG_INFORMATION_FORMAT = dwarf;
				ENABLE_STRICT_OBJC_MSGSEND = YES;
				ENABLE_TESTABILITY = YES;
				GCC_C_LANGUAGE_STANDARD = gnu11;
				GCC_DYNAMIC_NO_PIC = NO;
				GCC_NO_COMMON_BLOCKS = YES;
				GCC_OPTIMIZATION_LEVEL = 0;
				GCC_PREPROCESSOR_DEFINITIONS = (
					"DEBUG=1",
					"$(inherited)",
				);
				GCC_WARN_64_TO_32_BIT_CONVERSION = YES;
				GCC_WARN_ABOUT_RETURN_TYPE = YES_ERROR;
				GCC_WARN_UNDECLARED_SELECTOR = YES;
				GCC_WARN_UNINITIALIZED_AUTOS = YES_AGGRESSIVE;
				GCC_WARN_UNUSED_FUNCTION = YES;
				GCC_WARN_UNUSED_VARIABLE = YES;
				IPHONEOS_DEPLOYMENT_TARGET = 14.5;
				MTL_ENABLE_DEBUG_INFO = INCLUDE_SOURCE;
				MTL_FAST_MATH = YES;
				ONLY_ACTIVE_ARCH = YES;
				SDKROOT = iphoneos;
				SWIFT_ACTIVE_COMPILATION_CONDITIONS = DEBUG;
				SWIFT_OPTIMIZATION_LEVEL = "-Onone";
			};
			name = Debug;
		};
		316770452727D1F7000E8184 /* Release */ = {
			isa = XCBuildConfiguration;
			buildSettings = {
				ALWAYS_SEARCH_USER_PATHS = NO;
				CLANG_ANALYZER_NONNULL = YES;
				CLANG_ANALYZER_NUMBER_OBJECT_CONVERSION = YES_AGGRESSIVE;
				CLANG_CXX_LANGUAGE_STANDARD = "gnu++14";
				CLANG_CXX_LIBRARY = "libc++";
				CLANG_ENABLE_MODULES = YES;
				CLANG_ENABLE_OBJC_ARC = YES;
				CLANG_ENABLE_OBJC_WEAK = YES;
				CLANG_WARN_BLOCK_CAPTURE_AUTORELEASING = YES;
				CLANG_WARN_BOOL_CONVERSION = YES;
				CLANG_WARN_COMMA = YES;
				CLANG_WARN_CONSTANT_CONVERSION = YES;
				CLANG_WARN_DEPRECATED_OBJC_IMPLEMENTATIONS = YES;
				CLANG_WARN_DIRECT_OBJC_ISA_USAGE = YES_ERROR;
				CLANG_WARN_DOCUMENTATION_COMMENTS = YES;
				CLANG_WARN_EMPTY_BODY = YES;
				CLANG_WARN_ENUM_CONVERSION = YES;
				CLANG_WARN_INFINITE_RECURSION = YES;
				CLANG_WARN_INT_CONVERSION = YES;
				CLANG_WARN_NON_LITERAL_NULL_CONVERSION = YES;
				CLANG_WARN_OBJC_IMPLICIT_RETAIN_SELF = YES;
				CLANG_WARN_OBJC_LITERAL_CONVERSION = YES;
				CLANG_WARN_OBJC_ROOT_CLASS = YES_ERROR;
				CLANG_WARN_QUOTED_INCLUDE_IN_FRAMEWORK_HEADER = YES;
				CLANG_WARN_RANGE_LOOP_ANALYSIS = YES;
				CLANG_WARN_STRICT_PROTOTYPES = YES;
				CLANG_WARN_SUSPICIOUS_MOVE = YES;
				CLANG_WARN_UNGUARDED_AVAILABILITY = YES_AGGRESSIVE;
				CLANG_WARN_UNREACHABLE_CODE = YES;
				CLANG_WARN__DUPLICATE_METHOD_MATCH = YES;
				COPY_PHASE_STRIP = NO;
				DEBUG_INFORMATION_FORMAT = "dwarf-with-dsym";
				ENABLE_NS_ASSERTIONS = NO;
				ENABLE_STRICT_OBJC_MSGSEND = YES;
				GCC_C_LANGUAGE_STANDARD = gnu11;
				GCC_NO_COMMON_BLOCKS = YES;
				GCC_WARN_64_TO_32_BIT_CONVERSION = YES;
				GCC_WARN_ABOUT_RETURN_TYPE = YES_ERROR;
				GCC_WARN_UNDECLARED_SELECTOR = YES;
				GCC_WARN_UNINITIALIZED_AUTOS = YES_AGGRESSIVE;
				GCC_WARN_UNUSED_FUNCTION = YES;
				GCC_WARN_UNUSED_VARIABLE = YES;
				IPHONEOS_DEPLOYMENT_TARGET = 14.5;
				MTL_ENABLE_DEBUG_INFO = NO;
				MTL_FAST_MATH = YES;
				SDKROOT = iphoneos;
				SWIFT_COMPILATION_MODE = wholemodule;
				SWIFT_OPTIMIZATION_LEVEL = "-O";
				VALIDATE_PRODUCT = YES;
			};
			name = Release;
		};
		316770472727D1F7000E8184 /* Debug */ = {
			isa = XCBuildConfiguration;
			buildSettings = {
				ASSETCATALOG_COMPILER_APPICON_NAME = AppIcon;
				ASSETCATALOG_COMPILER_GLOBAL_ACCENT_COLOR_NAME = AccentColor;
				CODE_SIGN_STYLE = Automatic;
				DEVELOPMENT_TEAM = Q26Y9PC5F8;
				INFOPLIST_FILE = "Prototyoe-Navigation-Tab_Bar-MahaNasser/Info.plist";
				LD_RUNPATH_SEARCH_PATHS = (
					"$(inherited)",
					"@executable_path/Frameworks",
				);
				PRODUCT_BUNDLE_IDENTIFIER = "com.TriviaMultiple.Prototyoe-Navigation-Tab-Bar-MahaNasser";
				PRODUCT_NAME = "$(TARGET_NAME)";
				SWIFT_VERSION = 5.0;
				TARGETED_DEVICE_FAMILY = "1,2";
			};
			name = Debug;
		};
		316770482727D1F7000E8184 /* Release */ = {
			isa = XCBuildConfiguration;
			buildSettings = {
				ASSETCATALOG_COMPILER_APPICON_NAME = AppIcon;
				ASSETCATALOG_COMPILER_GLOBAL_ACCENT_COLOR_NAME = AccentColor;
				CODE_SIGN_STYLE = Automatic;
				DEVELOPMENT_TEAM = Q26Y9PC5F8;
				INFOPLIST_FILE = "Prototyoe-Navigation-Tab_Bar-MahaNasser/Info.plist";
				LD_RUNPATH_SEARCH_PATHS = (
					"$(inherited)",
					"@executable_path/Frameworks",
				);
				PRODUCT_BUNDLE_IDENTIFIER = "com.TriviaMultiple.Prototyoe-Navigation-Tab-Bar-MahaNasser";
				PRODUCT_NAME = "$(TARGET_NAME)";
				SWIFT_VERSION = 5.0;
				TARGETED_DEVICE_FAMILY = "1,2";
			};
			name = Release;
		};
/* End XCBuildConfiguration section */

/* Begin XCConfigurationList section */
		3167702D2727D1F6000E8184 /* Build configuration list for PBXProject "Prototyoe-Navigation-Tab_Bar-MahaNasser" */ = {
			isa = XCConfigurationList;
			buildConfigurations = (
				316770442727D1F7000E8184 /* Debug */,
				316770452727D1F7000E8184 /* Release */,
			);
			defaultConfigurationIsVisible = 0;
			defaultConfigurationName = Release;
		};
		316770462727D1F7000E8184 /* Build configuration list for PBXNativeTarget "Prototyoe-Navigation-Tab_Bar-MahaNasser" */ = {
			isa = XCConfigurationList;
			buildConfigurations = (
				316770472727D1F7000E8184 /* Debug */,
				316770482727D1F7000E8184 /* Release */,
			);
			defaultConfigurationIsVisible = 0;
			defaultConfigurationName = Release;
		};
/* End XCConfigurationList section */
	};
	rootObject = 3167702A2727D1F6000E8184 /* Project object */;
}
