// !$*UTF8*$!
{
	archiveVersion = 1;
	classes = {
	};
	objectVersion = 50;
	objects = {

/* Begin PBXBuildFile section */
		BD2330C42727D21300C24DBC /* AppDelegate.swift in Sources */ = {isa = PBXBuildFile; fileRef = BD2330C32727D21300C24DBC /* AppDelegate.swift */; };
		BD2330C62727D21300C24DBC /* SceneDelegate.swift in Sources */ = {isa = PBXBuildFile; fileRef = BD2330C52727D21300C24DBC /* SceneDelegate.swift */; };
		BD2330C82727D21300C24DBC /* ViewController.swift in Sources */ = {isa = PBXBuildFile; fileRef = BD2330C72727D21300C24DBC /* ViewController.swift */; };
		BD2330CB2727D21300C24DBC /* Main.storyboard in Resources */ = {isa = PBXBuildFile; fileRef = BD2330C92727D21300C24DBC /* Main.storyboard */; };
		BD2330CD2727D21400C24DBC /* Assets.xcassets in Resources */ = {isa = PBXBuildFile; fileRef = BD2330CC2727D21400C24DBC /* Assets.xcassets */; };
		BD2330D02727D21400C24DBC /* LaunchScreen.storyboard in Resources */ = {isa = PBXBuildFile; fileRef = BD2330CE2727D21400C24DBC /* LaunchScreen.storyboard */; };
/* End PBXBuildFile section */

/* Begin PBXFileReference section */
		BD2330C02727D21300C24DBC /* Prototype_Navigation_TabBar_class_Shuruq.app */ = {isa = PBXFileReference; explicitFileType = wrapper.application; includeInIndex = 0; path = Prototype_Navigation_TabBar_class_Shuruq.app; sourceTree = BUILT_PRODUCTS_DIR; };
		BD2330C32727D21300C24DBC /* AppDelegate.swift */ = {isa = PBXFileReference; lastKnownFileType = sourcecode.swift; path = AppDelegate.swift; sourceTree = "<group>"; };
		BD2330C52727D21300C24DBC /* SceneDelegate.swift */ = {isa = PBXFileReference; lastKnownFileType = sourcecode.swift; path = SceneDelegate.swift; sourceTree = "<group>"; };
		BD2330C72727D21300C24DBC /* ViewController.swift */ = {isa = PBXFileReference; lastKnownFileType = sourcecode.swift; path = ViewController.swift; sourceTree = "<group>"; };
		BD2330CA2727D21300C24DBC /* Base */ = {isa = PBXFileReference; lastKnownFileType = file.storyboard; name = Base; path = Base.lproj/Main.storyboard; sourceTree = "<group>"; };
		BD2330CC2727D21400C24DBC /* Assets.xcassets */ = {isa = PBXFileReference; lastKnownFileType = folder.assetcatalog; path = Assets.xcassets; sourceTree = "<group>"; };
		BD2330CF2727D21400C24DBC /* Base */ = {isa = PBXFileReference; lastKnownFileType = file.storyboard; name = Base; path = Base.lproj/LaunchScreen.storyboard; sourceTree = "<group>"; };
		BD2330D12727D21400C24DBC /* Info.plist */ = {isa = PBXFileReference; lastKnownFileType = text.plist.xml; path = Info.plist; sourceTree = "<group>"; };
/* End PBXFileReference section */

/* Begin PBXFrameworksBuildPhase section */
		BD2330BD2727D21300C24DBC /* Frameworks */ = {
			isa = PBXFrameworksBuildPhase;
			buildActionMask = 2147483647;
			files = (
			);
			runOnlyForDeploymentPostprocessing = 0;
		};
/* End PBXFrameworksBuildPhase section */

/* Begin PBXGroup section */
		BD2330B72727D21300C24DBC = {
			isa = PBXGroup;
			children = (
				BD2330C22727D21300C24DBC /* Prototype_Navigation_TabBar_class_Shuruq */,
				BD2330C12727D21300C24DBC /* Products */,
			);
			sourceTree = "<group>";
		};
		BD2330C12727D21300C24DBC /* Products */ = {
			isa = PBXGroup;
			children = (
				BD2330C02727D21300C24DBC /* Prototype_Navigation_TabBar_class_Shuruq.app */,
			);
			name = Products;
			sourceTree = "<group>";
		};
		BD2330C22727D21300C24DBC /* Prototype_Navigation_TabBar_class_Shuruq */ = {
			isa = PBXGroup;
			children = (
				BD2330C32727D21300C24DBC /* AppDelegate.swift */,
				BD2330C52727D21300C24DBC /* SceneDelegate.swift */,
				BD2330C72727D21300C24DBC /* ViewController.swift */,
				BD2330C92727D21300C24DBC /* Main.storyboard */,
				BD2330CC2727D21400C24DBC /* Assets.xcassets */,
				BD2330CE2727D21400C24DBC /* LaunchScreen.storyboard */,
				BD2330D12727D21400C24DBC /* Info.plist */,
			);
			path = Prototype_Navigation_TabBar_class_Shuruq;
			sourceTree = "<group>";
		};
/* End PBXGroup section */

/* Begin PBXNativeTarget section */
		BD2330BF2727D21300C24DBC /* Prototype_Navigation_TabBar_class_Shuruq */ = {
			isa = PBXNativeTarget;
			buildConfigurationList = BD2330D42727D21400C24DBC /* Build configuration list for PBXNativeTarget "Prototype_Navigation_TabBar_class_Shuruq" */;
			buildPhases = (
				BD2330BC2727D21300C24DBC /* Sources */,
				BD2330BD2727D21300C24DBC /* Frameworks */,
				BD2330BE2727D21300C24DBC /* Resources */,
			);
			buildRules = (
			);
			dependencies = (
			);
			name = Prototype_Navigation_TabBar_class_Shuruq;
			productName = Prototype_Navigation_TabBar_class_Shuruq;
			productReference = BD2330C02727D21300C24DBC /* Prototype_Navigation_TabBar_class_Shuruq.app */;
			productType = "com.apple.product-type.application";
		};
/* End PBXNativeTarget section */

/* Begin PBXProject section */
		BD2330B82727D21300C24DBC /* Project object */ = {
			isa = PBXProject;
			attributes = {
				LastSwiftUpdateCheck = 1250;
				LastUpgradeCheck = 1250;
				TargetAttributes = {
					BD2330BF2727D21300C24DBC = {
						CreatedOnToolsVersion = 12.5;
					};
				};
			};
			buildConfigurationList = BD2330BB2727D21300C24DBC /* Build configuration list for PBXProject "Prototype_Navigation_TabBar_class_Shuruq" */;
			compatibilityVersion = "Xcode 9.3";
			developmentRegion = en;
			hasScannedForEncodings = 0;
			knownRegions = (
				en,
				Base,
			);
			mainGroup = BD2330B72727D21300C24DBC;
			productRefGroup = BD2330C12727D21300C24DBC /* Products */;
			projectDirPath = "";
			projectRoot = "";
			targets = (
				BD2330BF2727D21300C24DBC /* Prototype_Navigation_TabBar_class_Shuruq */,
			);
		};
/* End PBXProject section */

/* Begin PBXResourcesBuildPhase section */
		BD2330BE2727D21300C24DBC /* Resources */ = {
			isa = PBXResourcesBuildPhase;
			buildActionMask = 2147483647;
			files = (
				BD2330D02727D21400C24DBC /* LaunchScreen.storyboard in Resources */,
				BD2330CD2727D21400C24DBC /* Assets.xcassets in Resources */,
				BD2330CB2727D21300C24DBC /* Main.storyboard in Resources */,
			);
			runOnlyForDeploymentPostprocessing = 0;
		};
/* End PBXResourcesBuildPhase section */

/* Begin PBXSourcesBuildPhase section */
		BD2330BC2727D21300C24DBC /* Sources */ = {
			isa = PBXSourcesBuildPhase;
			buildActionMask = 2147483647;
			files = (
				BD2330C82727D21300C24DBC /* ViewController.swift in Sources */,
				BD2330C42727D21300C24DBC /* AppDelegate.swift in Sources */,
				BD2330C62727D21300C24DBC /* SceneDelegate.swift in Sources */,
			);
			runOnlyForDeploymentPostprocessing = 0;
		};
/* End PBXSourcesBuildPhase section */

/* Begin PBXVariantGroup section */
		BD2330C92727D21300C24DBC /* Main.storyboard */ = {
			isa = PBXVariantGroup;
			children = (
				BD2330CA2727D21300C24DBC /* Base */,
			);
			name = Main.storyboard;
			sourceTree = "<group>";
		};
		BD2330CE2727D21400C24DBC /* LaunchScreen.storyboard */ = {
			isa = PBXVariantGroup;
			children = (
				BD2330CF2727D21400C24DBC /* Base */,
			);
			name = LaunchScreen.storyboard;
			sourceTree = "<group>";
		};
/* End PBXVariantGroup section */

/* Begin XCBuildConfiguration section */
		BD2330D22727D21400C24DBC /* Debug */ = {
			isa = XCBuildConfiguration;
			buildSettings = {
				ALWAYS_SEARCH_USER_PATHS = NO;
				CLANG_ANALYZER_NONNULL = YES;
				CLANG_ANALYZER_NUMBER_OBJECT_CONVERSION = YES_AGGRESSIVE;
				CLANG_CXX_LANGUAGE_STANDARD = "gnu++14";
				CLANG_CXX_LIBRARY = "libc++";
				CLANG_ENABLE_MODULES = YES;
				CLANG_ENABLE_OBJC_ARC = YES;
				CLANG_ENABLE_OBJC_WEAK = YES;
				CLANG_WARN_BLOCK_CAPTURE_AUTORELEASING = YES;
				CLANG_WARN_BOOL_CONVERSION = YES;
				CLANG_WARN_COMMA = YES;
				CLANG_WARN_CONSTANT_CONVERSION = YES;
				CLANG_WARN_DEPRECATED_OBJC_IMPLEMENTATIONS = YES;
				CLANG_WARN_DIRECT_OBJC_ISA_USAGE = YES_ERROR;
				CLANG_WARN_DOCUMENTATION_COMMENTS = YES;
				CLANG_WARN_EMPTY_BODY = YES;
				CLANG_WARN_ENUM_CONVERSION = YES;
				CLANG_WARN_INFINITE_RECURSION = YES;
				CLANG_WARN_INT_CONVERSION = YES;
				CLANG_WARN_NON_LITERAL_NULL_CONVERSION = YES;
				CLANG_WARN_OBJC_IMPLICIT_RETAIN_SELF = YES;
				CLANG_WARN_OBJC_LITERAL_CONVERSION = YES;
				CLANG_WARN_OBJC_ROOT_CLASS = YES_ERROR;
				CLANG_WARN_QUOTED_INCLUDE_IN_FRAMEWORK_HEADER = YES;
				CLANG_WARN_RANGE_LOOP_ANALYSIS = YES;
				CLANG_WARN_STRICT_PROTOTYPES = YES;
				CLANG_WARN_SUSPICIOUS_MOVE = YES;
				CLANG_WARN_UNGUARDED_AVAILABILITY = YES_AGGRESSIVE;
				CLANG_WARN_UNREACHABLE_CODE = YES;
				CLANG_WARN__DUPLICATE_METHOD_MATCH = YES;
				COPY_PHASE_STRIP = NO;
				DEBUG_INFORMATION_FORMAT = dwarf;
				ENABLE_STRICT_OBJC_MSGSEND = YES;
				ENABLE_TESTABILITY = YES;
				GCC_C_LANGUAGE_STANDARD = gnu11;
				GCC_DYNAMIC_NO_PIC = NO;
				GCC_NO_COMMON_BLOCKS = YES;
				GCC_OPTIMIZATION_LEVEL = 0;
				GCC_PREPROCESSOR_DEFINITIONS = (
					"DEBUG=1",
					"$(inherited)",
				);
				GCC_WARN_64_TO_32_BIT_CONVERSION = YES;
				GCC_WARN_ABOUT_RETURN_TYPE = YES_ERROR;
				GCC_WARN_UNDECLARED_SELECTOR = YES;
				GCC_WARN_UNINITIALIZED_AUTOS = YES_AGGRESSIVE;
				GCC_WARN_UNUSED_FUNCTION = YES;
				GCC_WARN_UNUSED_VARIABLE = YES;
				IPHONEOS_DEPLOYMENT_TARGET = 14.5;
				MTL_ENABLE_DEBUG_INFO = INCLUDE_SOURCE;
				MTL_FAST_MATH = YES;
				ONLY_ACTIVE_ARCH = YES;
				SDKROOT = iphoneos;
				SWIFT_ACTIVE_COMPILATION_CONDITIONS = DEBUG;
				SWIFT_OPTIMIZATION_LEVEL = "-Onone";
			};
			name = Debug;
		};
		BD2330D32727D21400C24DBC /* Release */ = {
			isa = XCBuildConfiguration;
			buildSettings = {
				ALWAYS_SEARCH_USER_PATHS = NO;
				CLANG_ANALYZER_NONNULL = YES;
				CLANG_ANALYZER_NUMBER_OBJECT_CONVERSION = YES_AGGRESSIVE;
				CLANG_CXX_LANGUAGE_STANDARD = "gnu++14";
				CLANG_CXX_LIBRARY = "libc++";
				CLANG_ENABLE_MODULES = YES;
				CLANG_ENABLE_OBJC_ARC = YES;
				CLANG_ENABLE_OBJC_WEAK = YES;
				CLANG_WARN_BLOCK_CAPTURE_AUTORELEASING = YES;
				CLANG_WARN_BOOL_CONVERSION = YES;
				CLANG_WARN_COMMA = YES;
				CLANG_WARN_CONSTANT_CONVERSION = YES;
				CLANG_WARN_DEPRECATED_OBJC_IMPLEMENTATIONS = YES;
				CLANG_WARN_DIRECT_OBJC_ISA_USAGE = YES_ERROR;
				CLANG_WARN_DOCUMENTATION_COMMENTS = YES;
				CLANG_WARN_EMPTY_BODY = YES;
				CLANG_WARN_ENUM_CONVERSION = YES;
				CLANG_WARN_INFINITE_RECURSION = YES;
				CLANG_WARN_INT_CONVERSION = YES;
				CLANG_WARN_NON_LITERAL_NULL_CONVERSION = YES;
				CLANG_WARN_OBJC_IMPLICIT_RETAIN_SELF = YES;
				CLANG_WARN_OBJC_LITERAL_CONVERSION = YES;
				CLANG_WARN_OBJC_ROOT_CLASS = YES_ERROR;
				CLANG_WARN_QUOTED_INCLUDE_IN_FRAMEWORK_HEADER = YES;
				CLANG_WARN_RANGE_LOOP_ANALYSIS = YES;
				CLANG_WARN_STRICT_PROTOTYPES = YES;
				CLANG_WARN_SUSPICIOUS_MOVE = YES;
				CLANG_WARN_UNGUARDED_AVAILABILITY = YES_AGGRESSIVE;
				CLANG_WARN_UNREACHABLE_CODE = YES;
				CLANG_WARN__DUPLICATE_METHOD_MATCH = YES;
				COPY_PHASE_STRIP = NO;
				DEBUG_INFORMATION_FORMAT = "dwarf-with-dsym";
				ENABLE_NS_ASSERTIONS = NO;
				ENABLE_STRICT_OBJC_MSGSEND = YES;
				GCC_C_LANGUAGE_STANDARD = gnu11;
				GCC_NO_COMMON_BLOCKS = YES;
				GCC_WARN_64_TO_32_BIT_CONVERSION = YES;
				GCC_WARN_ABOUT_RETURN_TYPE = YES_ERROR;
				GCC_WARN_UNDECLARED_SELECTOR = YES;
				GCC_WARN_UNINITIALIZED_AUTOS = YES_AGGRESSIVE;
				GCC_WARN_UNUSED_FUNCTION = YES;
				GCC_WARN_UNUSED_VARIABLE = YES;
				IPHONEOS_DEPLOYMENT_TARGET = 14.5;
				MTL_ENABLE_DEBUG_INFO = NO;
				MTL_FAST_MATH = YES;
				SDKROOT = iphoneos;
				SWIFT_COMPILATION_MODE = wholemodule;
				SWIFT_OPTIMIZATION_LEVEL = "-O";
				VALIDATE_PRODUCT = YES;
			};
			name = Release;
		};
		BD2330D52727D21400C24DBC /* Debug */ = {
			isa = XCBuildConfiguration;
			buildSettings = {
				ASSETCATALOG_COMPILER_APPICON_NAME = AppIcon;
				ASSETCATALOG_COMPILER_GLOBAL_ACCENT_COLOR_NAME = AccentColor;
				CODE_SIGN_STYLE = Automatic;
				DEVELOPMENT_TEAM = S2N5ABFX6X;
				INFOPLIST_FILE = Prototype_Navigation_TabBar_class_Shuruq/Info.plist;
				LD_RUNPATH_SEARCH_PATHS = (
					"$(inherited)",
					"@executable_path/Frameworks",
				);
				PRODUCT_BUNDLE_IDENTIFIER = "com.shuruq.Prototype-Navigation-TabBar-class-Shuruq";
				PRODUCT_NAME = "$(TARGET_NAME)";
				SWIFT_VERSION = 5.0;
				TARGETED_DEVICE_FAMILY = "1,2";
			};
			name = Debug;
		};
		BD2330D62727D21400C24DBC /* Release */ = {
			isa = XCBuildConfiguration;
			buildSettings = {
				ASSETCATALOG_COMPILER_APPICON_NAME = AppIcon;
				ASSETCATALOG_COMPILER_GLOBAL_ACCENT_COLOR_NAME = AccentColor;
				CODE_SIGN_STYLE = Automatic;
				DEVELOPMENT_TEAM = S2N5ABFX6X;
				INFOPLIST_FILE = Prototype_Navigation_TabBar_class_Shuruq/Info.plist;
				LD_RUNPATH_SEARCH_PATHS = (
					"$(inherited)",
					"@executable_path/Frameworks",
				);
				PRODUCT_BUNDLE_IDENTIFIER = "com.shuruq.Prototype-Navigation-TabBar-class-Shuruq";
				PRODUCT_NAME = "$(TARGET_NAME)";
				SWIFT_VERSION = 5.0;
				TARGETED_DEVICE_FAMILY = "1,2";
			};
			name = Release;
		};
/* End XCBuildConfiguration section */

/* Begin XCConfigurationList section */
		BD2330BB2727D21300C24DBC /* Build configuration list for PBXProject "Prototype_Navigation_TabBar_class_Shuruq" */ = {
			isa = XCConfigurationList;
			buildConfigurations = (
				BD2330D22727D21400C24DBC /* Debug */,
				BD2330D32727D21400C24DBC /* Release */,
			);
			defaultConfigurationIsVisible = 0;
			defaultConfigurationName = Release;
		};
		BD2330D42727D21400C24DBC /* Build configuration list for PBXNativeTarget "Prototype_Navigation_TabBar_class_Shuruq" */ = {
			isa = XCConfigurationList;
			buildConfigurations = (
				BD2330D52727D21400C24DBC /* Debug */,
				BD2330D62727D21400C24DBC /* Release */,
			);
			defaultConfigurationIsVisible = 0;
			defaultConfigurationName = Release;
		};
/* End XCConfigurationList section */
	};
	rootObject = BD2330B82727D21300C24DBC /* Project object */;
}
