// !$*UTF8*$!
{
	archiveVersion = 1;
	classes = {
	};
	objectVersion = 50;
	objects = {

/* Begin PBXBuildFile section */
		073006FA272D8C7D007C10EB /* AppDelegate.swift in Sources */ = {isa = PBXBuildFile; fileRef = 073006F9272D8C7D007C10EB /* AppDelegate.swift */; };
		073006FC272D8C7D007C10EB /* SceneDelegate.swift in Sources */ = {isa = PBXBuildFile; fileRef = 073006FB272D8C7D007C10EB /* SceneDelegate.swift */; };
		073006FE272D8C7D007C10EB /* ViewController.swift in Sources */ = {isa = PBXBuildFile; fileRef = 073006FD272D8C7D007C10EB /* ViewController.swift */; };
		07300701272D8C7D007C10EB /* Main.storyboard in Resources */ = {isa = PBXBuildFile; fileRef = 073006FF272D8C7D007C10EB /* Main.storyboard */; };
		07300703272D8C7E007C10EB /* Assets.xcassets in Resources */ = {isa = PBXBuildFile; fileRef = 07300702272D8C7E007C10EB /* Assets.xcassets */; };
		07300706272D8C7E007C10EB /* LaunchScreen.storyboard in Resources */ = {isa = PBXBuildFile; fileRef = 07300704272D8C7E007C10EB /* LaunchScreen.storyboard */; };
/* End PBXBuildFile section */

/* Begin PBXFileReference section */
		073006F6272D8C7D007C10EB /* Tab_bar-"hajer_mohamed".app */ = {isa = PBXFileReference; explicitFileType = wrapper.application; includeInIndex = 0; path = "Tab_bar-\"hajer_mohamed\".app"; sourceTree = BUILT_PRODUCTS_DIR; };
		073006F9272D8C7D007C10EB /* AppDelegate.swift */ = {isa = PBXFileReference; lastKnownFileType = sourcecode.swift; path = AppDelegate.swift; sourceTree = "<group>"; };
		073006FB272D8C7D007C10EB /* SceneDelegate.swift */ = {isa = PBXFileReference; lastKnownFileType = sourcecode.swift; path = SceneDelegate.swift; sourceTree = "<group>"; };
		073006FD272D8C7D007C10EB /* ViewController.swift */ = {isa = PBXFileReference; lastKnownFileType = sourcecode.swift; path = ViewController.swift; sourceTree = "<group>"; };
		07300700272D8C7D007C10EB /* Base */ = {isa = PBXFileReference; lastKnownFileType = file.storyboard; name = Base; path = Base.lproj/Main.storyboard; sourceTree = "<group>"; };
		07300702272D8C7E007C10EB /* Assets.xcassets */ = {isa = PBXFileReference; lastKnownFileType = folder.assetcatalog; path = Assets.xcassets; sourceTree = "<group>"; };
		07300705272D8C7E007C10EB /* Base */ = {isa = PBXFileReference; lastKnownFileType = file.storyboard; name = Base; path = Base.lproj/LaunchScreen.storyboard; sourceTree = "<group>"; };
		07300707272D8C7E007C10EB /* Info.plist */ = {isa = PBXFileReference; lastKnownFileType = text.plist.xml; path = Info.plist; sourceTree = "<group>"; };
/* End PBXFileReference section */

/* Begin PBXFrameworksBuildPhase section */
		073006F3272D8C7D007C10EB /* Frameworks */ = {
			isa = PBXFrameworksBuildPhase;
			buildActionMask = 2147483647;
			files = (
			);
			runOnlyForDeploymentPostprocessing = 0;
		};
/* End PBXFrameworksBuildPhase section */

/* Begin PBXGroup section */
		073006ED272D8C7D007C10EB = {
			isa = PBXGroup;
			children = (
				073006F8272D8C7D007C10EB /* Tab_bar-"hajer_mohamed" */,
				073006F7272D8C7D007C10EB /* Products */,
			);
			sourceTree = "<group>";
		};
		073006F7272D8C7D007C10EB /* Products */ = {
			isa = PBXGroup;
			children = (
				073006F6272D8C7D007C10EB /* Tab_bar-"hajer_mohamed".app */,
			);
			name = Products;
			sourceTree = "<group>";
		};
		073006F8272D8C7D007C10EB /* Tab_bar-"hajer_mohamed" */ = {
			isa = PBXGroup;
			children = (
				073006F9272D8C7D007C10EB /* AppDelegate.swift */,
				073006FB272D8C7D007C10EB /* SceneDelegate.swift */,
				073006FD272D8C7D007C10EB /* ViewController.swift */,
				073006FF272D8C7D007C10EB /* Main.storyboard */,
				07300702272D8C7E007C10EB /* Assets.xcassets */,
				07300704272D8C7E007C10EB /* LaunchScreen.storyboard */,
				07300707272D8C7E007C10EB /* Info.plist */,
			);
			path = "Tab_bar-\"hajer_mohamed\"";
			sourceTree = "<group>";
		};
/* End PBXGroup section */

/* Begin PBXNativeTarget section */
		073006F5272D8C7D007C10EB /* Tab_bar-"hajer_mohamed" */ = {
			isa = PBXNativeTarget;
			buildConfigurationList = 0730070A272D8C7E007C10EB /* Build configuration list for PBXNativeTarget "Tab_bar-"hajer_mohamed"" */;
			buildPhases = (
				073006F2272D8C7D007C10EB /* Sources */,
				073006F3272D8C7D007C10EB /* Frameworks */,
				073006F4272D8C7D007C10EB /* Resources */,
			);
			buildRules = (
			);
			dependencies = (
			);
			name = "Tab_bar-\"hajer_mohamed\"";
			productName = "Tab_bar-\"hajer_mohamed\"";
			productReference = 073006F6272D8C7D007C10EB /* Tab_bar-"hajer_mohamed".app */;
			productType = "com.apple.product-type.application";
		};
/* End PBXNativeTarget section */

/* Begin PBXProject section */
		073006EE272D8C7D007C10EB /* Project object */ = {
			isa = PBXProject;
			attributes = {
				LastSwiftUpdateCheck = 1250;
				LastUpgradeCheck = 1250;
				TargetAttributes = {
					073006F5272D8C7D007C10EB = {
						CreatedOnToolsVersion = 12.5;
					};
				};
			};
			buildConfigurationList = 073006F1272D8C7D007C10EB /* Build configuration list for PBXProject "Tab_bar-"hajer_mohamed"" */;
			compatibilityVersion = "Xcode 9.3";
			developmentRegion = en;
			hasScannedForEncodings = 0;
			knownRegions = (
				en,
				Base,
			);
			mainGroup = 073006ED272D8C7D007C10EB;
			productRefGroup = 073006F7272D8C7D007C10EB /* Products */;
			projectDirPath = "";
			projectRoot = "";
			targets = (
				073006F5272D8C7D007C10EB /* Tab_bar-"hajer_mohamed" */,
			);
		};
/* End PBXProject section */

/* Begin PBXResourcesBuildPhase section */
		073006F4272D8C7D007C10EB /* Resources */ = {
			isa = PBXResourcesBuildPhase;
			buildActionMask = 2147483647;
			files = (
				07300706272D8C7E007C10EB /* LaunchScreen.storyboard in Resources */,
				07300703272D8C7E007C10EB /* Assets.xcassets in Resources */,
				07300701272D8C7D007C10EB /* Main.storyboard in Resources */,
			);
			runOnlyForDeploymentPostprocessing = 0;
		};
/* End PBXResourcesBuildPhase section */

/* Begin PBXSourcesBuildPhase section */
		073006F2272D8C7D007C10EB /* Sources */ = {
			isa = PBXSourcesBuildPhase;
			buildActionMask = 2147483647;
			files = (
				073006FE272D8C7D007C10EB /* ViewController.swift in Sources */,
				073006FA272D8C7D007C10EB /* AppDelegate.swift in Sources */,
				073006FC272D8C7D007C10EB /* SceneDelegate.swift in Sources */,
			);
			runOnlyForDeploymentPostprocessing = 0;
		};
/* End PBXSourcesBuildPhase section */

/* Begin PBXVariantGroup section */
		073006FF272D8C7D007C10EB /* Main.storyboard */ = {
			isa = PBXVariantGroup;
			children = (
				07300700272D8C7D007C10EB /* Base */,
			);
			name = Main.storyboard;
			sourceTree = "<group>";
		};
		07300704272D8C7E007C10EB /* LaunchScreen.storyboard */ = {
			isa = PBXVariantGroup;
			children = (
				07300705272D8C7E007C10EB /* Base */,
			);
			name = LaunchScreen.storyboard;
			sourceTree = "<group>";
		};
/* End PBXVariantGroup section */

/* Begin XCBuildConfiguration section */
		07300708272D8C7E007C10EB /* Debug */ = {
			isa = XCBuildConfiguration;
			buildSettings = {
				ALWAYS_SEARCH_USER_PATHS = NO;
				CLANG_ANALYZER_NONNULL = YES;
				CLANG_ANALYZER_NUMBER_OBJECT_CONVERSION = YES_AGGRESSIVE;
				CLANG_CXX_LANGUAGE_STANDARD = "gnu++14";
				CLANG_CXX_LIBRARY = "libc++";
				CLANG_ENABLE_MODULES = YES;
				CLANG_ENABLE_OBJC_ARC = YES;
				CLANG_ENABLE_OBJC_WEAK = YES;
				CLANG_WARN_BLOCK_CAPTURE_AUTORELEASING = YES;
				CLANG_WARN_BOOL_CONVERSION = YES;
				CLANG_WARN_COMMA = YES;
				CLANG_WARN_CONSTANT_CONVERSION = YES;
				CLANG_WARN_DEPRECATED_OBJC_IMPLEMENTATIONS = YES;
				CLANG_WARN_DIRECT_OBJC_ISA_USAGE = YES_ERROR;
				CLANG_WARN_DOCUMENTATION_COMMENTS = YES;
				CLANG_WARN_EMPTY_BODY = YES;
				CLANG_WARN_ENUM_CONVERSION = YES;
				CLANG_WARN_INFINITE_RECURSION = YES;
				CLANG_WARN_INT_CONVERSION = YES;
				CLANG_WARN_NON_LITERAL_NULL_CONVERSION = YES;
				CLANG_WARN_OBJC_IMPLICIT_RETAIN_SELF = YES;
				CLANG_WARN_OBJC_LITERAL_CONVERSION = YES;
				CLANG_WARN_OBJC_ROOT_CLASS = YES_ERROR;
				CLANG_WARN_QUOTED_INCLUDE_IN_FRAMEWORK_HEADER = YES;
				CLANG_WARN_RANGE_LOOP_ANALYSIS = YES;
				CLANG_WARN_STRICT_PROTOTYPES = YES;
				CLANG_WARN_SUSPICIOUS_MOVE = YES;
				CLANG_WARN_UNGUARDED_AVAILABILITY = YES_AGGRESSIVE;
				CLANG_WARN_UNREACHABLE_CODE = YES;
				CLANG_WARN__DUPLICATE_METHOD_MATCH = YES;
				COPY_PHASE_STRIP = NO;
				DEBUG_INFORMATION_FORMAT = dwarf;
				ENABLE_STRICT_OBJC_MSGSEND = YES;
				ENABLE_TESTABILITY = YES;
				GCC_C_LANGUAGE_STANDARD = gnu11;
				GCC_DYNAMIC_NO_PIC = NO;
				GCC_NO_COMMON_BLOCKS = YES;
				GCC_OPTIMIZATION_LEVEL = 0;
				GCC_PREPROCESSOR_DEFINITIONS = (
					"DEBUG=1",
					"$(inherited)",
				);
				GCC_WARN_64_TO_32_BIT_CONVERSION = YES;
				GCC_WARN_ABOUT_RETURN_TYPE = YES_ERROR;
				GCC_WARN_UNDECLARED_SELECTOR = YES;
				GCC_WARN_UNINITIALIZED_AUTOS = YES_AGGRESSIVE;
				GCC_WARN_UNUSED_FUNCTION = YES;
				GCC_WARN_UNUSED_VARIABLE = YES;
				IPHONEOS_DEPLOYMENT_TARGET = 14.5;
				MTL_ENABLE_DEBUG_INFO = INCLUDE_SOURCE;
				MTL_FAST_MATH = YES;
				ONLY_ACTIVE_ARCH = YES;
				SDKROOT = iphoneos;
				SWIFT_ACTIVE_COMPILATION_CONDITIONS = DEBUG;
				SWIFT_OPTIMIZATION_LEVEL = "-Onone";
			};
			name = Debug;
		};
		07300709272D8C7E007C10EB /* Release */ = {
			isa = XCBuildConfiguration;
			buildSettings = {
				ALWAYS_SEARCH_USER_PATHS = NO;
				CLANG_ANALYZER_NONNULL = YES;
				CLANG_ANALYZER_NUMBER_OBJECT_CONVERSION = YES_AGGRESSIVE;
				CLANG_CXX_LANGUAGE_STANDARD = "gnu++14";
				CLANG_CXX_LIBRARY = "libc++";
				CLANG_ENABLE_MODULES = YES;
				CLANG_ENABLE_OBJC_ARC = YES;
				CLANG_ENABLE_OBJC_WEAK = YES;
				CLANG_WARN_BLOCK_CAPTURE_AUTORELEASING = YES;
				CLANG_WARN_BOOL_CONVERSION = YES;
				CLANG_WARN_COMMA = YES;
				CLANG_WARN_CONSTANT_CONVERSION = YES;
				CLANG_WARN_DEPRECATED_OBJC_IMPLEMENTATIONS = YES;
				CLANG_WARN_DIRECT_OBJC_ISA_USAGE = YES_ERROR;
				CLANG_WARN_DOCUMENTATION_COMMENTS = YES;
				CLANG_WARN_EMPTY_BODY = YES;
				CLANG_WARN_ENUM_CONVERSION = YES;
				CLANG_WARN_INFINITE_RECURSION = YES;
				CLANG_WARN_INT_CONVERSION = YES;
				CLANG_WARN_NON_LITERAL_NULL_CONVERSION = YES;
				CLANG_WARN_OBJC_IMPLICIT_RETAIN_SELF = YES;
				CLANG_WARN_OBJC_LITERAL_CONVERSION = YES;
				CLANG_WARN_OBJC_ROOT_CLASS = YES_ERROR;
				CLANG_WARN_QUOTED_INCLUDE_IN_FRAMEWORK_HEADER = YES;
				CLANG_WARN_RANGE_LOOP_ANALYSIS = YES;
				CLANG_WARN_STRICT_PROTOTYPES = YES;
				CLANG_WARN_SUSPICIOUS_MOVE = YES;
				CLANG_WARN_UNGUARDED_AVAILABILITY = YES_AGGRESSIVE;
				CLANG_WARN_UNREACHABLE_CODE = YES;
				CLANG_WARN__DUPLICATE_METHOD_MATCH = YES;
				COPY_PHASE_STRIP = NO;
				DEBUG_INFORMATION_FORMAT = "dwarf-with-dsym";
				ENABLE_NS_ASSERTIONS = NO;
				ENABLE_STRICT_OBJC_MSGSEND = YES;
				GCC_C_LANGUAGE_STANDARD = gnu11;
				GCC_NO_COMMON_BLOCKS = YES;
				GCC_WARN_64_TO_32_BIT_CONVERSION = YES;
				GCC_WARN_ABOUT_RETURN_TYPE = YES_ERROR;
				GCC_WARN_UNDECLARED_SELECTOR = YES;
				GCC_WARN_UNINITIALIZED_AUTOS = YES_AGGRESSIVE;
				GCC_WARN_UNUSED_FUNCTION = YES;
				GCC_WARN_UNUSED_VARIABLE = YES;
				IPHONEOS_DEPLOYMENT_TARGET = 14.5;
				MTL_ENABLE_DEBUG_INFO = NO;
				MTL_FAST_MATH = YES;
				SDKROOT = iphoneos;
				SWIFT_COMPILATION_MODE = wholemodule;
				SWIFT_OPTIMIZATION_LEVEL = "-O";
				VALIDATE_PRODUCT = YES;
			};
			name = Release;
		};
		0730070B272D8C7E007C10EB /* Debug */ = {
			isa = XCBuildConfiguration;
			buildSettings = {
				ASSETCATALOG_COMPILER_APPICON_NAME = AppIcon;
				ASSETCATALOG_COMPILER_GLOBAL_ACCENT_COLOR_NAME = AccentColor;
				CODE_SIGN_STYLE = Automatic;
				INFOPLIST_FILE = "Tab_bar-\"hajer_mohamed\"/Info.plist";
				LD_RUNPATH_SEARCH_PATHS = (
					"$(inherited)",
					"@executable_path/Frameworks",
				);
				PRODUCT_BUNDLE_IDENTIFIER = "com.hajer.Tab-bar--hajer-mohamed-";
				PRODUCT_NAME = "$(TARGET_NAME)";
				SWIFT_VERSION = 5.0;
				TARGETED_DEVICE_FAMILY = "1,2";
			};
			name = Debug;
		};
		0730070C272D8C7E007C10EB /* Release */ = {
			isa = XCBuildConfiguration;
			buildSettings = {
				ASSETCATALOG_COMPILER_APPICON_NAME = AppIcon;
				ASSETCATALOG_COMPILER_GLOBAL_ACCENT_COLOR_NAME = AccentColor;
				CODE_SIGN_STYLE = Automatic;
				INFOPLIST_FILE = "Tab_bar-\"hajer_mohamed\"/Info.plist";
				LD_RUNPATH_SEARCH_PATHS = (
					"$(inherited)",
					"@executable_path/Frameworks",
				);
				PRODUCT_BUNDLE_IDENTIFIER = "com.hajer.Tab-bar--hajer-mohamed-";
				PRODUCT_NAME = "$(TARGET_NAME)";
				SWIFT_VERSION = 5.0;
				TARGETED_DEVICE_FAMILY = "1,2";
			};
			name = Release;
		};
/* End XCBuildConfiguration section */

/* Begin XCConfigurationList section */
		073006F1272D8C7D007C10EB /* Build configuration list for PBXProject "Tab_bar-"hajer_mohamed"" */ = {
			isa = XCConfigurationList;
			buildConfigurations = (
				07300708272D8C7E007C10EB /* Debug */,
				07300709272D8C7E007C10EB /* Release */,
			);
			defaultConfigurationIsVisible = 0;
			defaultConfigurationName = Release;
		};
		0730070A272D8C7E007C10EB /* Build configuration list for PBXNativeTarget "Tab_bar-"hajer_mohamed"" */ = {
			isa = XCConfigurationList;
			buildConfigurations = (
				0730070B272D8C7E007C10EB /* Debug */,
				0730070C272D8C7E007C10EB /* Release */,
			);
			defaultConfigurationIsVisible = 0;
			defaultConfigurationName = Release;
		};
/* End XCConfigurationList section */
	};
	rootObject = 073006EE272D8C7D007C10EB /* Project object */;
}
