// !$*UTF8*$!
{
	archiveVersion = 1;
	classes = {
	};
	objectVersion = 50;
	objects = {

/* Begin PBXBuildFile section */
		BFCAC93A2727D21F000EABFF /* AppDelegate.swift in Sources */ = {isa = PBXBuildFile; fileRef = BFCAC9392727D21F000EABFF /* AppDelegate.swift */; };
		BFCAC93C2727D21F000EABFF /* SceneDelegate.swift in Sources */ = {isa = PBXBuildFile; fileRef = BFCAC93B2727D21F000EABFF /* SceneDelegate.swift */; };
		BFCAC93E2727D21F000EABFF /* ViewController.swift in Sources */ = {isa = PBXBuildFile; fileRef = BFCAC93D2727D21F000EABFF /* ViewController.swift */; };
		BFCAC9412727D21F000EABFF /* Main.storyboard in Resources */ = {isa = PBXBuildFile; fileRef = BFCAC93F2727D21F000EABFF /* Main.storyboard */; };
		BFCAC9432727D221000EABFF /* Assets.xcassets in Resources */ = {isa = PBXBuildFile; fileRef = BFCAC9422727D221000EABFF /* Assets.xcassets */; };
		BFCAC9462727D221000EABFF /* LaunchScreen.storyboard in Resources */ = {isa = PBXBuildFile; fileRef = BFCAC9442727D221000EABFF /* LaunchScreen.storyboard */; };
/* End PBXBuildFile section */

/* Begin PBXFileReference section */
		BFCAC9362727D21F000EABFF /* ProtoType-Navigation-Tabrar-Class.app */ = {isa = PBXFileReference; explicitFileType = wrapper.application; includeInIndex = 0; path = "ProtoType-Navigation-Tabrar-Class.app"; sourceTree = BUILT_PRODUCTS_DIR; };
		BFCAC9392727D21F000EABFF /* AppDelegate.swift */ = {isa = PBXFileReference; lastKnownFileType = sourcecode.swift; path = AppDelegate.swift; sourceTree = "<group>"; };
		BFCAC93B2727D21F000EABFF /* SceneDelegate.swift */ = {isa = PBXFileReference; lastKnownFileType = sourcecode.swift; path = SceneDelegate.swift; sourceTree = "<group>"; };
		BFCAC93D2727D21F000EABFF /* ViewController.swift */ = {isa = PBXFileReference; lastKnownFileType = sourcecode.swift; path = ViewController.swift; sourceTree = "<group>"; };
		BFCAC9402727D21F000EABFF /* Base */ = {isa = PBXFileReference; lastKnownFileType = file.storyboard; name = Base; path = Base.lproj/Main.storyboard; sourceTree = "<group>"; };
		BFCAC9422727D221000EABFF /* Assets.xcassets */ = {isa = PBXFileReference; lastKnownFileType = folder.assetcatalog; path = Assets.xcassets; sourceTree = "<group>"; };
		BFCAC9452727D221000EABFF /* Base */ = {isa = PBXFileReference; lastKnownFileType = file.storyboard; name = Base; path = Base.lproj/LaunchScreen.storyboard; sourceTree = "<group>"; };
		BFCAC9472727D221000EABFF /* Info.plist */ = {isa = PBXFileReference; lastKnownFileType = text.plist.xml; path = Info.plist; sourceTree = "<group>"; };
/* End PBXFileReference section */

/* Begin PBXFrameworksBuildPhase section */
		BFCAC9332727D21F000EABFF /* Frameworks */ = {
			isa = PBXFrameworksBuildPhase;
			buildActionMask = 2147483647;
			files = (
			);
			runOnlyForDeploymentPostprocessing = 0;
		};
/* End PBXFrameworksBuildPhase section */

/* Begin PBXGroup section */
		BFCAC92D2727D21F000EABFF = {
			isa = PBXGroup;
			children = (
				BFCAC9382727D21F000EABFF /* ProtoType-Navigation-Tabrar-Class */,
				BFCAC9372727D21F000EABFF /* Products */,
			);
			sourceTree = "<group>";
		};
		BFCAC9372727D21F000EABFF /* Products */ = {
			isa = PBXGroup;
			children = (
				BFCAC9362727D21F000EABFF /* ProtoType-Navigation-Tabrar-Class.app */,
			);
			name = Products;
			sourceTree = "<group>";
		};
		BFCAC9382727D21F000EABFF /* ProtoType-Navigation-Tabrar-Class */ = {
			isa = PBXGroup;
			children = (
				BFCAC9392727D21F000EABFF /* AppDelegate.swift */,
				BFCAC93B2727D21F000EABFF /* SceneDelegate.swift */,
				BFCAC93D2727D21F000EABFF /* ViewController.swift */,
				BFCAC93F2727D21F000EABFF /* Main.storyboard */,
				BFCAC9422727D221000EABFF /* Assets.xcassets */,
				BFCAC9442727D221000EABFF /* LaunchScreen.storyboard */,
				BFCAC9472727D221000EABFF /* Info.plist */,
			);
			path = "ProtoType-Navigation-Tabrar-Class";
			sourceTree = "<group>";
		};
/* End PBXGroup section */

/* Begin PBXNativeTarget section */
		BFCAC9352727D21F000EABFF /* ProtoType-Navigation-Tabrar-Class */ = {
			isa = PBXNativeTarget;
			buildConfigurationList = BFCAC94A2727D221000EABFF /* Build configuration list for PBXNativeTarget "ProtoType-Navigation-Tabrar-Class" */;
			buildPhases = (
				BFCAC9322727D21F000EABFF /* Sources */,
				BFCAC9332727D21F000EABFF /* Frameworks */,
				BFCAC9342727D21F000EABFF /* Resources */,
			);
			buildRules = (
			);
			dependencies = (
			);
			name = "ProtoType-Navigation-Tabrar-Class";
			productName = "ProtoType-Navigation-Tabrar-Class";
			productReference = BFCAC9362727D21F000EABFF /* ProtoType-Navigation-Tabrar-Class.app */;
			productType = "com.apple.product-type.application";
		};
/* End PBXNativeTarget section */

/* Begin PBXProject section */
		BFCAC92E2727D21F000EABFF /* Project object */ = {
			isa = PBXProject;
			attributes = {
				LastSwiftUpdateCheck = 1250;
				LastUpgradeCheck = 1250;
				TargetAttributes = {
					BFCAC9352727D21F000EABFF = {
						CreatedOnToolsVersion = 12.5;
					};
				};
			};
			buildConfigurationList = BFCAC9312727D21F000EABFF /* Build configuration list for PBXProject "ProtoType-Navigation-Tabrar-Class" */;
			compatibilityVersion = "Xcode 9.3";
			developmentRegion = en;
			hasScannedForEncodings = 0;
			knownRegions = (
				en,
				Base,
			);
			mainGroup = BFCAC92D2727D21F000EABFF;
			productRefGroup = BFCAC9372727D21F000EABFF /* Products */;
			projectDirPath = "";
			projectRoot = "";
			targets = (
				BFCAC9352727D21F000EABFF /* ProtoType-Navigation-Tabrar-Class */,
			);
		};
/* End PBXProject section */

/* Begin PBXResourcesBuildPhase section */
		BFCAC9342727D21F000EABFF /* Resources */ = {
			isa = PBXResourcesBuildPhase;
			buildActionMask = 2147483647;
			files = (
				BFCAC9462727D221000EABFF /* LaunchScreen.storyboard in Resources */,
				BFCAC9432727D221000EABFF /* Assets.xcassets in Resources */,
				BFCAC9412727D21F000EABFF /* Main.storyboard in Resources */,
			);
			runOnlyForDeploymentPostprocessing = 0;
		};
/* End PBXResourcesBuildPhase section */

/* Begin PBXSourcesBuildPhase section */
		BFCAC9322727D21F000EABFF /* Sources */ = {
			isa = PBXSourcesBuildPhase;
			buildActionMask = 2147483647;
			files = (
				BFCAC93E2727D21F000EABFF /* ViewController.swift in Sources */,
				BFCAC93A2727D21F000EABFF /* AppDelegate.swift in Sources */,
				BFCAC93C2727D21F000EABFF /* SceneDelegate.swift in Sources */,
			);
			runOnlyForDeploymentPostprocessing = 0;
		};
/* End PBXSourcesBuildPhase section */

/* Begin PBXVariantGroup section */
		BFCAC93F2727D21F000EABFF /* Main.storyboard */ = {
			isa = PBXVariantGroup;
			children = (
				BFCAC9402727D21F000EABFF /* Base */,
			);
			name = Main.storyboard;
			sourceTree = "<group>";
		};
		BFCAC9442727D221000EABFF /* LaunchScreen.storyboard */ = {
			isa = PBXVariantGroup;
			children = (
				BFCAC9452727D221000EABFF /* Base */,
			);
			name = LaunchScreen.storyboard;
			sourceTree = "<group>";
		};
/* End PBXVariantGroup section */

/* Begin XCBuildConfiguration section */
		BFCAC9482727D221000EABFF /* Debug */ = {
			isa = XCBuildConfiguration;
			buildSettings = {
				ALWAYS_SEARCH_USER_PATHS = NO;
				CLANG_ANALYZER_NONNULL = YES;
				CLANG_ANALYZER_NUMBER_OBJECT_CONVERSION = YES_AGGRESSIVE;
				CLANG_CXX_LANGUAGE_STANDARD = "gnu++14";
				CLANG_CXX_LIBRARY = "libc++";
				CLANG_ENABLE_MODULES = YES;
				CLANG_ENABLE_OBJC_ARC = YES;
				CLANG_ENABLE_OBJC_WEAK = YES;
				CLANG_WARN_BLOCK_CAPTURE_AUTORELEASING = YES;
				CLANG_WARN_BOOL_CONVERSION = YES;
				CLANG_WARN_COMMA = YES;
				CLANG_WARN_CONSTANT_CONVERSION = YES;
				CLANG_WARN_DEPRECATED_OBJC_IMPLEMENTATIONS = YES;
				CLANG_WARN_DIRECT_OBJC_ISA_USAGE = YES_ERROR;
				CLANG_WARN_DOCUMENTATION_COMMENTS = YES;
				CLANG_WARN_EMPTY_BODY = YES;
				CLANG_WARN_ENUM_CONVERSION = YES;
				CLANG_WARN_INFINITE_RECURSION = YES;
				CLANG_WARN_INT_CONVERSION = YES;
				CLANG_WARN_NON_LITERAL_NULL_CONVERSION = YES;
				CLANG_WARN_OBJC_IMPLICIT_RETAIN_SELF = YES;
				CLANG_WARN_OBJC_LITERAL_CONVERSION = YES;
				CLANG_WARN_OBJC_ROOT_CLASS = YES_ERROR;
				CLANG_WARN_QUOTED_INCLUDE_IN_FRAMEWORK_HEADER = YES;
				CLANG_WARN_RANGE_LOOP_ANALYSIS = YES;
				CLANG_WARN_STRICT_PROTOTYPES = YES;
				CLANG_WARN_SUSPICIOUS_MOVE = YES;
				CLANG_WARN_UNGUARDED_AVAILABILITY = YES_AGGRESSIVE;
				CLANG_WARN_UNREACHABLE_CODE = YES;
				CLANG_WARN__DUPLICATE_METHOD_MATCH = YES;
				COPY_PHASE_STRIP = NO;
				DEBUG_INFORMATION_FORMAT = dwarf;
				ENABLE_STRICT_OBJC_MSGSEND = YES;
				ENABLE_TESTABILITY = YES;
				GCC_C_LANGUAGE_STANDARD = gnu11;
				GCC_DYNAMIC_NO_PIC = NO;
				GCC_NO_COMMON_BLOCKS = YES;
				GCC_OPTIMIZATION_LEVEL = 0;
				GCC_PREPROCESSOR_DEFINITIONS = (
					"DEBUG=1",
					"$(inherited)",
				);
				GCC_WARN_64_TO_32_BIT_CONVERSION = YES;
				GCC_WARN_ABOUT_RETURN_TYPE = YES_ERROR;
				GCC_WARN_UNDECLARED_SELECTOR = YES;
				GCC_WARN_UNINITIALIZED_AUTOS = YES_AGGRESSIVE;
				GCC_WARN_UNUSED_FUNCTION = YES;
				GCC_WARN_UNUSED_VARIABLE = YES;
				IPHONEOS_DEPLOYMENT_TARGET = 14.5;
				MTL_ENABLE_DEBUG_INFO = INCLUDE_SOURCE;
				MTL_FAST_MATH = YES;
				ONLY_ACTIVE_ARCH = YES;
				SDKROOT = iphoneos;
				SWIFT_ACTIVE_COMPILATION_CONDITIONS = DEBUG;
				SWIFT_OPTIMIZATION_LEVEL = "-Onone";
			};
			name = Debug;
		};
		BFCAC9492727D221000EABFF /* Release */ = {
			isa = XCBuildConfiguration;
			buildSettings = {
				ALWAYS_SEARCH_USER_PATHS = NO;
				CLANG_ANALYZER_NONNULL = YES;
				CLANG_ANALYZER_NUMBER_OBJECT_CONVERSION = YES_AGGRESSIVE;
				CLANG_CXX_LANGUAGE_STANDARD = "gnu++14";
				CLANG_CXX_LIBRARY = "libc++";
				CLANG_ENABLE_MODULES = YES;
				CLANG_ENABLE_OBJC_ARC = YES;
				CLANG_ENABLE_OBJC_WEAK = YES;
				CLANG_WARN_BLOCK_CAPTURE_AUTORELEASING = YES;
				CLANG_WARN_BOOL_CONVERSION = YES;
				CLANG_WARN_COMMA = YES;
				CLANG_WARN_CONSTANT_CONVERSION = YES;
				CLANG_WARN_DEPRECATED_OBJC_IMPLEMENTATIONS = YES;
				CLANG_WARN_DIRECT_OBJC_ISA_USAGE = YES_ERROR;
				CLANG_WARN_DOCUMENTATION_COMMENTS = YES;
				CLANG_WARN_EMPTY_BODY = YES;
				CLANG_WARN_ENUM_CONVERSION = YES;
				CLANG_WARN_INFINITE_RECURSION = YES;
				CLANG_WARN_INT_CONVERSION = YES;
				CLANG_WARN_NON_LITERAL_NULL_CONVERSION = YES;
				CLANG_WARN_OBJC_IMPLICIT_RETAIN_SELF = YES;
				CLANG_WARN_OBJC_LITERAL_CONVERSION = YES;
				CLANG_WARN_OBJC_ROOT_CLASS = YES_ERROR;
				CLANG_WARN_QUOTED_INCLUDE_IN_FRAMEWORK_HEADER = YES;
				CLANG_WARN_RANGE_LOOP_ANALYSIS = YES;
				CLANG_WARN_STRICT_PROTOTYPES = YES;
				CLANG_WARN_SUSPICIOUS_MOVE = YES;
				CLANG_WARN_UNGUARDED_AVAILABILITY = YES_AGGRESSIVE;
				CLANG_WARN_UNREACHABLE_CODE = YES;
				CLANG_WARN__DUPLICATE_METHOD_MATCH = YES;
				COPY_PHASE_STRIP = NO;
				DEBUG_INFORMATION_FORMAT = "dwarf-with-dsym";
				ENABLE_NS_ASSERTIONS = NO;
				ENABLE_STRICT_OBJC_MSGSEND = YES;
				GCC_C_LANGUAGE_STANDARD = gnu11;
				GCC_NO_COMMON_BLOCKS = YES;
				GCC_WARN_64_TO_32_BIT_CONVERSION = YES;
				GCC_WARN_ABOUT_RETURN_TYPE = YES_ERROR;
				GCC_WARN_UNDECLARED_SELECTOR = YES;
				GCC_WARN_UNINITIALIZED_AUTOS = YES_AGGRESSIVE;
				GCC_WARN_UNUSED_FUNCTION = YES;
				GCC_WARN_UNUSED_VARIABLE = YES;
				IPHONEOS_DEPLOYMENT_TARGET = 14.5;
				MTL_ENABLE_DEBUG_INFO = NO;
				MTL_FAST_MATH = YES;
				SDKROOT = iphoneos;
				SWIFT_COMPILATION_MODE = wholemodule;
				SWIFT_OPTIMIZATION_LEVEL = "-O";
				VALIDATE_PRODUCT = YES;
			};
			name = Release;
		};
		BFCAC94B2727D221000EABFF /* Debug */ = {
			isa = XCBuildConfiguration;
			buildSettings = {
				ASSETCATALOG_COMPILER_APPICON_NAME = AppIcon;
				ASSETCATALOG_COMPILER_GLOBAL_ACCENT_COLOR_NAME = AccentColor;
				CODE_SIGN_STYLE = Automatic;
				DEVELOPMENT_TEAM = 8CVXW7BRYZ;
				INFOPLIST_FILE = "ProtoType-Navigation-Tabrar-Class/Info.plist";
				LD_RUNPATH_SEARCH_PATHS = (
					"$(inherited)",
					"@executable_path/Frameworks",
				);
				PRODUCT_BUNDLE_IDENTIFIER = "Arwa.ProtoType-Navigation-Tabrar-Class";
				PRODUCT_NAME = "$(TARGET_NAME)";
				SWIFT_VERSION = 5.0;
				TARGETED_DEVICE_FAMILY = "1,2";
			};
			name = Debug;
		};
		BFCAC94C2727D221000EABFF /* Release */ = {
			isa = XCBuildConfiguration;
			buildSettings = {
				ASSETCATALOG_COMPILER_APPICON_NAME = AppIcon;
				ASSETCATALOG_COMPILER_GLOBAL_ACCENT_COLOR_NAME = AccentColor;
				CODE_SIGN_STYLE = Automatic;
				DEVELOPMENT_TEAM = 8CVXW7BRYZ;
				INFOPLIST_FILE = "ProtoType-Navigation-Tabrar-Class/Info.plist";
				LD_RUNPATH_SEARCH_PATHS = (
					"$(inherited)",
					"@executable_path/Frameworks",
				);
				PRODUCT_BUNDLE_IDENTIFIER = "Arwa.ProtoType-Navigation-Tabrar-Class";
				PRODUCT_NAME = "$(TARGET_NAME)";
				SWIFT_VERSION = 5.0;
				TARGETED_DEVICE_FAMILY = "1,2";
			};
			name = Release;
		};
/* End XCBuildConfiguration section */

/* Begin XCConfigurationList section */
		BFCAC9312727D21F000EABFF /* Build configuration list for PBXProject "ProtoType-Navigation-Tabrar-Class" */ = {
			isa = XCConfigurationList;
			buildConfigurations = (
				BFCAC9482727D221000EABFF /* Debug */,
				BFCAC9492727D221000EABFF /* Release */,
			);
			defaultConfigurationIsVisible = 0;
			defaultConfigurationName = Release;
		};
		BFCAC94A2727D221000EABFF /* Build configuration list for PBXNativeTarget "ProtoType-Navigation-Tabrar-Class" */ = {
			isa = XCConfigurationList;
			buildConfigurations = (
				BFCAC94B2727D221000EABFF /* Debug */,
				BFCAC94C2727D221000EABFF /* Release */,
			);
			defaultConfigurationIsVisible = 0;
			defaultConfigurationName = Release;
		};
/* End XCConfigurationList section */
	};
	rootObject = BFCAC92E2727D21F000EABFF /* Project object */;
}
